// !$*UTF8*$!
{
	archiveVersion = 1;
	classes = {
	};
	objectVersion = 46;
	objects = {

/* Begin PBXAggregateTarget section */
		"just-some-test::just-some-testPackageTests::ProductTarget" /* just-some-testPackageTests */ = {
			isa = PBXAggregateTarget;
			buildConfigurationList = OBJ_354 /* Build configuration list for PBXAggregateTarget "just-some-testPackageTests" */;
			buildPhases = (
			);
			dependencies = (
				OBJ_357 /* PBXTargetDependency */,
			);
			name = "just-some-testPackageTests";
			productName = "just-some-testPackageTests";
		};
/* End PBXAggregateTarget section */

/* Begin PBXBuildFile section */
		OBJ_178 /* AFError.swift in Sources */ = {isa = PBXBuildFile; fileRef = OBJ_151 /* AFError.swift */; };
		OBJ_179 /* Alamofire.swift in Sources */ = {isa = PBXBuildFile; fileRef = OBJ_152 /* Alamofire.swift */; };
		OBJ_180 /* DispatchQueue+Alamofire.swift in Sources */ = {isa = PBXBuildFile; fileRef = OBJ_153 /* DispatchQueue+Alamofire.swift */; };
		OBJ_181 /* MultipartFormData.swift in Sources */ = {isa = PBXBuildFile; fileRef = OBJ_154 /* MultipartFormData.swift */; };
		OBJ_182 /* NetworkReachabilityManager.swift in Sources */ = {isa = PBXBuildFile; fileRef = OBJ_155 /* NetworkReachabilityManager.swift */; };
		OBJ_183 /* Notifications.swift in Sources */ = {isa = PBXBuildFile; fileRef = OBJ_156 /* Notifications.swift */; };
		OBJ_184 /* ParameterEncoding.swift in Sources */ = {isa = PBXBuildFile; fileRef = OBJ_157 /* ParameterEncoding.swift */; };
		OBJ_185 /* Request.swift in Sources */ = {isa = PBXBuildFile; fileRef = OBJ_158 /* Request.swift */; };
		OBJ_186 /* Response.swift in Sources */ = {isa = PBXBuildFile; fileRef = OBJ_159 /* Response.swift */; };
		OBJ_187 /* ResponseSerialization.swift in Sources */ = {isa = PBXBuildFile; fileRef = OBJ_160 /* ResponseSerialization.swift */; };
		OBJ_188 /* Result.swift in Sources */ = {isa = PBXBuildFile; fileRef = OBJ_161 /* Result.swift */; };
		OBJ_189 /* ServerTrustPolicy.swift in Sources */ = {isa = PBXBuildFile; fileRef = OBJ_162 /* ServerTrustPolicy.swift */; };
		OBJ_190 /* SessionDelegate.swift in Sources */ = {isa = PBXBuildFile; fileRef = OBJ_163 /* SessionDelegate.swift */; };
		OBJ_191 /* SessionManager.swift in Sources */ = {isa = PBXBuildFile; fileRef = OBJ_164 /* SessionManager.swift */; };
		OBJ_192 /* TaskDelegate.swift in Sources */ = {isa = PBXBuildFile; fileRef = OBJ_165 /* TaskDelegate.swift */; };
		OBJ_193 /* Timeline.swift in Sources */ = {isa = PBXBuildFile; fileRef = OBJ_166 /* Timeline.swift */; };
		OBJ_194 /* Validation.swift in Sources */ = {isa = PBXBuildFile; fileRef = OBJ_167 /* Validation.swift */; };
		OBJ_201 /* Package.swift in Sources */ = {isa = PBXBuildFile; fileRef = OBJ_150 /* Package.swift */; };
		OBJ_207 /* AnyError.swift in Sources */ = {isa = PBXBuildFile; fileRef = OBJ_144 /* AnyError.swift */; };
		OBJ_208 /* NoError.swift in Sources */ = {isa = PBXBuildFile; fileRef = OBJ_145 /* NoError.swift */; };
		OBJ_209 /* Result.swift in Sources */ = {isa = PBXBuildFile; fileRef = OBJ_146 /* Result.swift */; };
		OBJ_210 /* ResultProtocol.swift in Sources */ = {isa = PBXBuildFile; fileRef = OBJ_147 /* ResultProtocol.swift */; };
		OBJ_217 /* Package.swift in Sources */ = {isa = PBXBuildFile; fileRef = OBJ_148 /* Package.swift */; };
		OBJ_223 /* API.swift in Sources */ = {isa = PBXBuildFile; fileRef = OBJ_8 /* API.swift */; };
		OBJ_224 /* APIClient.swift in Sources */ = {isa = PBXBuildFile; fileRef = OBJ_9 /* APIClient.swift */; };
		OBJ_225 /* APIError.swift in Sources */ = {isa = PBXBuildFile; fileRef = OBJ_10 /* APIError.swift */; };
		OBJ_226 /* APIRequest.swift in Sources */ = {isa = PBXBuildFile; fileRef = OBJ_11 /* APIRequest.swift */; };
		OBJ_227 /* APIResponse.swift in Sources */ = {isa = PBXBuildFile; fileRef = OBJ_12 /* APIResponse.swift */; };
		OBJ_228 /* APIResult.swift in Sources */ = {isa = PBXBuildFile; fileRef = OBJ_13 /* APIResult.swift */; };
		OBJ_229 /* APIService.swift in Sources */ = {isa = PBXBuildFile; fileRef = OBJ_14 /* APIService.swift */; };
		OBJ_230 /* AnyCodable.swift in Sources */ = {isa = PBXBuildFile; fileRef = OBJ_15 /* AnyCodable.swift */; };
		OBJ_231 /* Authorization.swift in Sources */ = {isa = PBXBuildFile; fileRef = OBJ_16 /* Authorization.swift */; };
		OBJ_232 /* Coding.swift in Sources */ = {isa = PBXBuildFile; fileRef = OBJ_17 /* Coding.swift */; };
		OBJ_233 /* MediaType.swift in Sources */ = {isa = PBXBuildFile; fileRef = OBJ_19 /* MediaType.swift */; };
		OBJ_234 /* ActionId.swift in Sources */ = {isa = PBXBuildFile; fileRef = OBJ_21 /* ActionId.swift */; };
		OBJ_235 /* AddSourceResponse.swift in Sources */ = {isa = PBXBuildFile; fileRef = OBJ_22 /* AddSourceResponse.swift */; };
		OBJ_236 /* Address.swift in Sources */ = {isa = PBXBuildFile; fileRef = OBJ_23 /* Address.swift */; };
		OBJ_237 /* ApplePayTokenRequest.swift in Sources */ = {isa = PBXBuildFile; fileRef = OBJ_24 /* ApplePayTokenRequest.swift */; };
		OBJ_238 /* ApplePayTokenResponse.swift in Sources */ = {isa = PBXBuildFile; fileRef = OBJ_25 /* ApplePayTokenResponse.swift */; };
		OBJ_239 /* Batch.swift in Sources */ = {isa = PBXBuildFile; fileRef = OBJ_26 /* Batch.swift */; };
		OBJ_240 /* BillingDescriptor.swift in Sources */ = {isa = PBXBuildFile; fileRef = OBJ_27 /* BillingDescriptor.swift */; };
		OBJ_241 /* BillingDetails.swift in Sources */ = {isa = PBXBuildFile; fileRef = OBJ_28 /* BillingDetails.swift */; };
		OBJ_242 /* CaptureAcceptedResponse.swift in Sources */ = {isa = PBXBuildFile; fileRef = OBJ_29 /* CaptureAcceptedResponse.swift */; };
		OBJ_243 /* CaptureRequest.swift in Sources */ = {isa = PBXBuildFile; fileRef = OBJ_30 /* CaptureRequest.swift */; };
		OBJ_244 /* Card.swift in Sources */ = {isa = PBXBuildFile; fileRef = OBJ_31 /* Card.swift */; };
		OBJ_245 /* CardTokenRequest.swift in Sources */ = {isa = PBXBuildFile; fileRef = OBJ_32 /* CardTokenRequest.swift */; };
		OBJ_246 /* CardTokenResponse.swift in Sources */ = {isa = PBXBuildFile; fileRef = OBJ_33 /* CardTokenResponse.swift */; };
		OBJ_247 /* CustomerPaymentPlan.swift in Sources */ = {isa = PBXBuildFile; fileRef = OBJ_34 /* CustomerPaymentPlan.swift */; };
		OBJ_248 /* DataType.swift in Sources */ = {isa = PBXBuildFile; fileRef = OBJ_35 /* DataType.swift */; };
		OBJ_249 /* ErrorType.swift in Sources */ = {isa = PBXBuildFile; fileRef = OBJ_36 /* ErrorType.swift */; };
		OBJ_250 /* EventId.swift in Sources */ = {isa = PBXBuildFile; fileRef = OBJ_37 /* EventId.swift */; };
		OBJ_251 /* EventLinks.swift in Sources */ = {isa = PBXBuildFile; fileRef = OBJ_38 /* EventLinks.swift */; };
		OBJ_252 /* EventObject.swift in Sources */ = {isa = PBXBuildFile; fileRef = OBJ_39 /* EventObject.swift */; };
		OBJ_253 /* EventResult.swift in Sources */ = {isa = PBXBuildFile; fileRef = OBJ_40 /* EventResult.swift */; };
		OBJ_254 /* EventSummary.swift in Sources */ = {isa = PBXBuildFile; fileRef = OBJ_41 /* EventSummary.swift */; };
		OBJ_255 /* EventTypesObject.swift in Sources */ = {isa = PBXBuildFile; fileRef = OBJ_42 /* EventTypesObject.swift */; };
		OBJ_256 /* File.swift in Sources */ = {isa = PBXBuildFile; fileRef = OBJ_43 /* File.swift */; };
		OBJ_257 /* FileUploadResponse.swift in Sources */ = {isa = PBXBuildFile; fileRef = OBJ_44 /* FileUploadResponse.swift */; };
		OBJ_258 /* GooglePayTokenRequest.swift in Sources */ = {isa = PBXBuildFile; fileRef = OBJ_45 /* GooglePayTokenRequest.swift */; };
		OBJ_259 /* GooglePayTokenResponse.swift in Sources */ = {isa = PBXBuildFile; fileRef = OBJ_46 /* GooglePayTokenResponse.swift */; };
		OBJ_260 /* IPAddress.swift in Sources */ = {isa = PBXBuildFile; fileRef = OBJ_47 /* IPAddress.swift */; };
		OBJ_261 /* InvalidError.swift in Sources */ = {isa = PBXBuildFile; fileRef = OBJ_48 /* InvalidError.swift */; };
		OBJ_262 /* Item.swift in Sources */ = {isa = PBXBuildFile; fileRef = OBJ_49 /* Item.swift */; };
		OBJ_263 /* Link.swift in Sources */ = {isa = PBXBuildFile; fileRef = OBJ_50 /* Link.swift */; };
		OBJ_264 /* Notification.swift in Sources */ = {isa = PBXBuildFile; fileRef = OBJ_51 /* Notification.swift */; };
		OBJ_265 /* NotificationAttempt.swift in Sources */ = {isa = PBXBuildFile; fileRef = OBJ_52 /* NotificationAttempt.swift */; };
		OBJ_266 /* NotificationId.swift in Sources */ = {isa = PBXBuildFile; fileRef = OBJ_53 /* NotificationId.swift */; };
		OBJ_267 /* NotificationSummary.swift in Sources */ = {isa = PBXBuildFile; fileRef = OBJ_54 /* NotificationSummary.swift */; };
		OBJ_268 /* Payment.swift in Sources */ = {isa = PBXBuildFile; fileRef = OBJ_55 /* Payment.swift */; };
		OBJ_269 /* PaymentAcceptedResponse.swift in Sources */ = {isa = PBXBuildFile; fileRef = OBJ_56 /* PaymentAcceptedResponse.swift */; };
		OBJ_270 /* PaymentAction.swift in Sources */ = {isa = PBXBuildFile; fileRef = OBJ_57 /* PaymentAction.swift */; };
		OBJ_271 /* PaymentActionsResponse.swift in Sources */ = {isa = PBXBuildFile; fileRef = OBJ_58 /* PaymentActionsResponse.swift */; };
		OBJ_272 /* PaymentDestination.swift in Sources */ = {isa = PBXBuildFile; fileRef = OBJ_59 /* PaymentDestination.swift */; };
		OBJ_273 /* PaymentId.swift in Sources */ = {isa = PBXBuildFile; fileRef = OBJ_60 /* PaymentId.swift */; };
		OBJ_274 /* PaymentRecipient.swift in Sources */ = {isa = PBXBuildFile; fileRef = OBJ_61 /* PaymentRecipient.swift */; };
		OBJ_275 /* PaymentRequest.swift in Sources */ = {isa = PBXBuildFile; fileRef = OBJ_62 /* PaymentRequest.swift */; };
		OBJ_276 /* PaymentRequestCardSource.swift in Sources */ = {isa = PBXBuildFile; fileRef = OBJ_63 /* PaymentRequestCardSource.swift */; };
		OBJ_277 /* PaymentRequestCustomerSource.swift in Sources */ = {isa = PBXBuildFile; fileRef = OBJ_64 /* PaymentRequestCustomerSource.swift */; };
		OBJ_278 /* PaymentRequestIdSource.swift in Sources */ = {isa = PBXBuildFile; fileRef = OBJ_65 /* PaymentRequestIdSource.swift */; };
		OBJ_279 /* PaymentRequestIdealSource.swift in Sources */ = {isa = PBXBuildFile; fileRef = OBJ_66 /* PaymentRequestIdealSource.swift */; };
		OBJ_280 /* PaymentRequestSource.swift in Sources */ = {isa = PBXBuildFile; fileRef = OBJ_67 /* PaymentRequestSource.swift */; };
		OBJ_281 /* PaymentRequestTokenSource.swift in Sources */ = {isa = PBXBuildFile; fileRef = OBJ_68 /* PaymentRequestTokenSource.swift */; };
		OBJ_282 /* PaymentResponse.swift in Sources */ = {isa = PBXBuildFile; fileRef = OBJ_69 /* PaymentResponse.swift */; };
		OBJ_283 /* PaymentResponseCardSource.swift in Sources */ = {isa = PBXBuildFile; fileRef = OBJ_70 /* PaymentResponseCardSource.swift */; };
		OBJ_284 /* PaymentResponseCustomer.swift in Sources */ = {isa = PBXBuildFile; fileRef = OBJ_71 /* PaymentResponseCustomer.swift */; };
		OBJ_285 /* PaymentResponseSource.swift in Sources */ = {isa = PBXBuildFile; fileRef = OBJ_72 /* PaymentResponseSource.swift */; };
		OBJ_286 /* PaymentSource.swift in Sources */ = {isa = PBXBuildFile; fileRef = OBJ_73 /* PaymentSource.swift */; };
		OBJ_287 /* Phone.swift in Sources */ = {isa = PBXBuildFile; fileRef = OBJ_74 /* Phone.swift */; };
		OBJ_288 /* PhoneNumber.swift in Sources */ = {isa = PBXBuildFile; fileRef = OBJ_75 /* PhoneNumber.swift */; };
		OBJ_289 /* Product.swift in Sources */ = {isa = PBXBuildFile; fileRef = OBJ_76 /* Product.swift */; };
		OBJ_290 /* RefundAcceptedResponse.swift in Sources */ = {isa = PBXBuildFile; fileRef = OBJ_77 /* RefundAcceptedResponse.swift */; };
		OBJ_291 /* RefundRequest.swift in Sources */ = {isa = PBXBuildFile; fileRef = OBJ_78 /* RefundRequest.swift */; };
		OBJ_292 /* ResourceId.swift in Sources */ = {isa = PBXBuildFile; fileRef = OBJ_79 /* ResourceId.swift */; };
		OBJ_293 /* SelfLink.swift in Sources */ = {isa = PBXBuildFile; fileRef = OBJ_80 /* SelfLink.swift */; };
		OBJ_294 /* SepaSource.swift in Sources */ = {isa = PBXBuildFile; fileRef = OBJ_81 /* SepaSource.swift */; };
		OBJ_295 /* SepaSourceResponse.swift in Sources */ = {isa = PBXBuildFile; fileRef = OBJ_82 /* SepaSourceResponse.swift */; };
		OBJ_296 /* ServerTimestamp.swift in Sources */ = {isa = PBXBuildFile; fileRef = OBJ_83 /* ServerTimestamp.swift */; };
		OBJ_297 /* ShippingDetails.swift in Sources */ = {isa = PBXBuildFile; fileRef = OBJ_84 /* ShippingDetails.swift */; };
		OBJ_298 /* Source.swift in Sources */ = {isa = PBXBuildFile; fileRef = OBJ_85 /* Source.swift */; };
		OBJ_299 /* SourceRedirectResponse.swift in Sources */ = {isa = PBXBuildFile; fileRef = OBJ_86 /* SourceRedirectResponse.swift */; };
		OBJ_300 /* SourceRequest.swift in Sources */ = {isa = PBXBuildFile; fileRef = OBJ_87 /* SourceRequest.swift */; };
		OBJ_301 /* SourceResponseCustomer.swift in Sources */ = {isa = PBXBuildFile; fileRef = OBJ_88 /* SourceResponseCustomer.swift */; };
		OBJ_302 /* SubmitBatchRequest.swift in Sources */ = {isa = PBXBuildFile; fileRef = OBJ_89 /* SubmitBatchRequest.swift */; };
		OBJ_303 /* SubmitBatchResponse.swift in Sources */ = {isa = PBXBuildFile; fileRef = OBJ_90 /* SubmitBatchResponse.swift */; };
		OBJ_304 /* Timestamp.swift in Sources */ = {isa = PBXBuildFile; fileRef = OBJ_91 /* Timestamp.swift */; };
		OBJ_305 /* TokenRequest.swift in Sources */ = {isa = PBXBuildFile; fileRef = OBJ_92 /* TokenRequest.swift */; };
		OBJ_306 /* TokenResponse.swift in Sources */ = {isa = PBXBuildFile; fileRef = OBJ_93 /* TokenResponse.swift */; };
		OBJ_307 /* ValidationError.swift in Sources */ = {isa = PBXBuildFile; fileRef = OBJ_94 /* ValidationError.swift */; };
		OBJ_308 /* VoidAcceptedResponse.swift in Sources */ = {isa = PBXBuildFile; fileRef = OBJ_95 /* VoidAcceptedResponse.swift */; };
		OBJ_309 /* VoidRequest.swift in Sources */ = {isa = PBXBuildFile; fileRef = OBJ_96 /* VoidRequest.swift */; };
		OBJ_310 /* VoidResponse.swift in Sources */ = {isa = PBXBuildFile; fileRef = OBJ_97 /* VoidResponse.swift */; };
		OBJ_311 /* Webhook.swift in Sources */ = {isa = PBXBuildFile; fileRef = OBJ_98 /* Webhook.swift */; };
		OBJ_312 /* WebhookEvents.swift in Sources */ = {isa = PBXBuildFile; fileRef = OBJ_99 /* WebhookEvents.swift */; };
		OBJ_313 /* WebhookRequest.swift in Sources */ = {isa = PBXBuildFile; fileRef = OBJ_100 /* WebhookRequest.swift */; };
		OBJ_314 /* _3dsData.swift in Sources */ = {isa = PBXBuildFile; fileRef = OBJ_101 /* _3dsData.swift */; };
		OBJ_315 /* _3dsEnrollmentData.swift in Sources */ = {isa = PBXBuildFile; fileRef = OBJ_102 /* _3dsEnrollmentData.swift */; };
		OBJ_316 /* RequestBehaviour.swift in Sources */ = {isa = PBXBuildFile; fileRef = OBJ_103 /* RequestBehaviour.swift */; };
		OBJ_317 /* GetBatchesById.swift in Sources */ = {isa = PBXBuildFile; fileRef = OBJ_106 /* GetBatchesById.swift */; };
		OBJ_318 /* PostBatches.swift in Sources */ = {isa = PBXBuildFile; fileRef = OBJ_107 /* PostBatches.swift */; };
		OBJ_319 /* GetEventTypes.swift in Sources */ = {isa = PBXBuildFile; fileRef = OBJ_109 /* GetEventTypes.swift */; };
		OBJ_320 /* GetEvents.swift in Sources */ = {isa = PBXBuildFile; fileRef = OBJ_110 /* GetEvents.swift */; };
		OBJ_321 /* GetEventsByEventId.swift in Sources */ = {isa = PBXBuildFile; fileRef = OBJ_111 /* GetEventsByEventId.swift */; };
		OBJ_322 /* GetEventsByEventIdNotificationsByNotificationId.swift in Sources */ = {isa = PBXBuildFile; fileRef = OBJ_112 /* GetEventsByEventIdNotificationsByNotificationId.swift */; };
		OBJ_323 /* PostEventsByEventIdWebhooksByWebhookIdRetry.swift in Sources */ = {isa = PBXBuildFile; fileRef = OBJ_113 /* PostEventsByEventIdWebhooksByWebhookIdRetry.swift */; };
		OBJ_324 /* PostEventsByEventIdWebhooksRetry.swift in Sources */ = {isa = PBXBuildFile; fileRef = OBJ_114 /* PostEventsByEventIdWebhooksRetry.swift */; };
		OBJ_325 /* GetFilesById.swift in Sources */ = {isa = PBXBuildFile; fileRef = OBJ_116 /* GetFilesById.swift */; };
		OBJ_326 /* PostFiles.swift in Sources */ = {isa = PBXBuildFile; fileRef = OBJ_117 /* PostFiles.swift */; };
		OBJ_327 /* GetPaymentsById.swift in Sources */ = {isa = PBXBuildFile; fileRef = OBJ_119 /* GetPaymentsById.swift */; };
		OBJ_328 /* GetPaymentsByIdActions.swift in Sources */ = {isa = PBXBuildFile; fileRef = OBJ_120 /* GetPaymentsByIdActions.swift */; };
		OBJ_329 /* PostPayments.swift in Sources */ = {isa = PBXBuildFile; fileRef = OBJ_121 /* PostPayments.swift */; };
		OBJ_330 /* PostPaymentsByIdCaptures.swift in Sources */ = {isa = PBXBuildFile; fileRef = OBJ_122 /* PostPaymentsByIdCaptures.swift */; };
		OBJ_331 /* PostPaymentsByIdRefunds.swift in Sources */ = {isa = PBXBuildFile; fileRef = OBJ_123 /* PostPaymentsByIdRefunds.swift */; };
		OBJ_332 /* PostPaymentsByIdVoids.swift in Sources */ = {isa = PBXBuildFile; fileRef = OBJ_124 /* PostPaymentsByIdVoids.swift */; };
		OBJ_333 /* GetSourcesById.swift in Sources */ = {isa = PBXBuildFile; fileRef = OBJ_126 /* GetSourcesById.swift */; };
		OBJ_334 /* PostSources.swift in Sources */ = {isa = PBXBuildFile; fileRef = OBJ_127 /* PostSources.swift */; };
		OBJ_335 /* PostTokens.swift in Sources */ = {isa = PBXBuildFile; fileRef = OBJ_129 /* PostTokens.swift */; };
		OBJ_336 /* DeleteWebhooksById.swift in Sources */ = {isa = PBXBuildFile; fileRef = OBJ_131 /* DeleteWebhooksById.swift */; };
		OBJ_337 /* GetWebhooks.swift in Sources */ = {isa = PBXBuildFile; fileRef = OBJ_132 /* GetWebhooks.swift */; };
		OBJ_338 /* GetWebhooksById.swift in Sources */ = {isa = PBXBuildFile; fileRef = OBJ_133 /* GetWebhooksById.swift */; };
		OBJ_339 /* PatchWebhooksById.swift in Sources */ = {isa = PBXBuildFile; fileRef = OBJ_134 /* PatchWebhooksById.swift */; };
		OBJ_340 /* PostWebhooks.swift in Sources */ = {isa = PBXBuildFile; fileRef = OBJ_135 /* PostWebhooks.swift */; };
		OBJ_341 /* PutWebhooksById.swift in Sources */ = {isa = PBXBuildFile; fileRef = OBJ_136 /* PutWebhooksById.swift */; };
		OBJ_343 /* Result.framework in Frameworks */ = {isa = PBXBuildFile; fileRef = "Result::Result::Product" /* Result.framework */; };
		OBJ_344 /* Alamofire.framework in Frameworks */ = {isa = PBXBuildFile; fileRef = "Alamofire::Alamofire::Product" /* Alamofire.framework */; };
		OBJ_352 /* Package.swift in Sources */ = {isa = PBXBuildFile; fileRef = OBJ_6 /* Package.swift */; };
		OBJ_363 /* XCTestManifests.swift in Sources */ = {isa = PBXBuildFile; fileRef = OBJ_139 /* XCTestManifests.swift */; };
		OBJ_364 /* just_some_testTests.swift in Sources */ = {isa = PBXBuildFile; fileRef = OBJ_140 /* just_some_testTests.swift */; };
		OBJ_366 /* just_some_test.framework in Frameworks */ = {isa = PBXBuildFile; fileRef = "just-some-test::just-some-test::Product" /* just_some_test.framework */; };
		OBJ_367 /* Result.framework in Frameworks */ = {isa = PBXBuildFile; fileRef = "Result::Result::Product" /* Result.framework */; };
		OBJ_368 /* Alamofire.framework in Frameworks */ = {isa = PBXBuildFile; fileRef = "Alamofire::Alamofire::Product" /* Alamofire.framework */; };
/* End PBXBuildFile section */

/* Begin PBXContainerItemProxy section */
		E68232FC20DBF30A00F52CF9 /* PBXContainerItemProxy */ = {
			isa = PBXContainerItemProxy;
			containerPortal = OBJ_1 /* Project object */;
			proxyType = 1;
			remoteGlobalIDString = "Result::Result";
			remoteInfo = Result;
		};
		E68232FD20DBF30A00F52CF9 /* PBXContainerItemProxy */ = {
			isa = PBXContainerItemProxy;
			containerPortal = OBJ_1 /* Project object */;
			proxyType = 1;
			remoteGlobalIDString = "Alamofire::Alamofire";
			remoteInfo = Alamofire;
		};
		E68232FE20DBF30A00F52CF9 /* PBXContainerItemProxy */ = {
			isa = PBXContainerItemProxy;
			containerPortal = OBJ_1 /* Project object */;
			proxyType = 1;
			remoteGlobalIDString = "just-some-test::just-some-test";
			remoteInfo = "just-some-test";
		};
		E68232FF20DBF30A00F52CF9 /* PBXContainerItemProxy */ = {
			isa = PBXContainerItemProxy;
			containerPortal = OBJ_1 /* Project object */;
			proxyType = 1;
			remoteGlobalIDString = "Result::Result";
			remoteInfo = Result;
		};
		E682330020DBF30A00F52CF9 /* PBXContainerItemProxy */ = {
			isa = PBXContainerItemProxy;
			containerPortal = OBJ_1 /* Project object */;
			proxyType = 1;
			remoteGlobalIDString = "Alamofire::Alamofire";
			remoteInfo = Alamofire;
		};
		E682330120DBF30B00F52CF9 /* PBXContainerItemProxy */ = {
			isa = PBXContainerItemProxy;
			containerPortal = OBJ_1 /* Project object */;
			proxyType = 1;
			remoteGlobalIDString = "just-some-test::just-some-testTests";
			remoteInfo = "just-some-testTests";
		};
/* End PBXContainerItemProxy section */

/* Begin PBXFileReference section */
		"Alamofire::Alamofire::Product" /* Alamofire.framework */ = {isa = PBXFileReference; explicitFileType = wrapper.framework; path = Alamofire.framework; sourceTree = BUILT_PRODUCTS_DIR; };
		OBJ_10 /* APIError.swift */ = {isa = PBXFileReference; lastKnownFileType = sourcecode.swift; path = APIError.swift; sourceTree = "<group>"; };
		OBJ_100 /* WebhookRequest.swift */ = {isa = PBXFileReference; lastKnownFileType = sourcecode.swift; path = WebhookRequest.swift; sourceTree = "<group>"; };
		OBJ_101 /* _3dsData.swift */ = {isa = PBXFileReference; lastKnownFileType = sourcecode.swift; path = _3dsData.swift; sourceTree = "<group>"; };
		OBJ_102 /* _3dsEnrollmentData.swift */ = {isa = PBXFileReference; lastKnownFileType = sourcecode.swift; path = _3dsEnrollmentData.swift; sourceTree = "<group>"; };
		OBJ_103 /* RequestBehaviour.swift */ = {isa = PBXFileReference; lastKnownFileType = sourcecode.swift; path = RequestBehaviour.swift; sourceTree = "<group>"; };
		OBJ_106 /* GetBatchesById.swift */ = {isa = PBXFileReference; lastKnownFileType = sourcecode.swift; path = GetBatchesById.swift; sourceTree = "<group>"; };
		OBJ_107 /* PostBatches.swift */ = {isa = PBXFileReference; lastKnownFileType = sourcecode.swift; path = PostBatches.swift; sourceTree = "<group>"; };
		OBJ_109 /* GetEventTypes.swift */ = {isa = PBXFileReference; lastKnownFileType = sourcecode.swift; path = GetEventTypes.swift; sourceTree = "<group>"; };
		OBJ_11 /* APIRequest.swift */ = {isa = PBXFileReference; lastKnownFileType = sourcecode.swift; path = APIRequest.swift; sourceTree = "<group>"; };
		OBJ_110 /* GetEvents.swift */ = {isa = PBXFileReference; lastKnownFileType = sourcecode.swift; path = GetEvents.swift; sourceTree = "<group>"; };
		OBJ_111 /* GetEventsByEventId.swift */ = {isa = PBXFileReference; lastKnownFileType = sourcecode.swift; path = GetEventsByEventId.swift; sourceTree = "<group>"; };
		OBJ_112 /* GetEventsByEventIdNotificationsByNotificationId.swift */ = {isa = PBXFileReference; lastKnownFileType = sourcecode.swift; path = GetEventsByEventIdNotificationsByNotificationId.swift; sourceTree = "<group>"; };
		OBJ_113 /* PostEventsByEventIdWebhooksByWebhookIdRetry.swift */ = {isa = PBXFileReference; lastKnownFileType = sourcecode.swift; path = PostEventsByEventIdWebhooksByWebhookIdRetry.swift; sourceTree = "<group>"; };
		OBJ_114 /* PostEventsByEventIdWebhooksRetry.swift */ = {isa = PBXFileReference; lastKnownFileType = sourcecode.swift; path = PostEventsByEventIdWebhooksRetry.swift; sourceTree = "<group>"; };
		OBJ_116 /* GetFilesById.swift */ = {isa = PBXFileReference; lastKnownFileType = sourcecode.swift; path = GetFilesById.swift; sourceTree = "<group>"; };
		OBJ_117 /* PostFiles.swift */ = {isa = PBXFileReference; lastKnownFileType = sourcecode.swift; path = PostFiles.swift; sourceTree = "<group>"; };
		OBJ_119 /* GetPaymentsById.swift */ = {isa = PBXFileReference; lastKnownFileType = sourcecode.swift; path = GetPaymentsById.swift; sourceTree = "<group>"; };
		OBJ_12 /* APIResponse.swift */ = {isa = PBXFileReference; lastKnownFileType = sourcecode.swift; path = APIResponse.swift; sourceTree = "<group>"; };
		OBJ_120 /* GetPaymentsByIdActions.swift */ = {isa = PBXFileReference; lastKnownFileType = sourcecode.swift; path = GetPaymentsByIdActions.swift; sourceTree = "<group>"; };
		OBJ_121 /* PostPayments.swift */ = {isa = PBXFileReference; lastKnownFileType = sourcecode.swift; path = PostPayments.swift; sourceTree = "<group>"; };
		OBJ_122 /* PostPaymentsByIdCaptures.swift */ = {isa = PBXFileReference; lastKnownFileType = sourcecode.swift; path = PostPaymentsByIdCaptures.swift; sourceTree = "<group>"; };
		OBJ_123 /* PostPaymentsByIdRefunds.swift */ = {isa = PBXFileReference; lastKnownFileType = sourcecode.swift; path = PostPaymentsByIdRefunds.swift; sourceTree = "<group>"; };
		OBJ_124 /* PostPaymentsByIdVoids.swift */ = {isa = PBXFileReference; lastKnownFileType = sourcecode.swift; path = PostPaymentsByIdVoids.swift; sourceTree = "<group>"; };
		OBJ_126 /* GetSourcesById.swift */ = {isa = PBXFileReference; lastKnownFileType = sourcecode.swift; path = GetSourcesById.swift; sourceTree = "<group>"; };
		OBJ_127 /* PostSources.swift */ = {isa = PBXFileReference; lastKnownFileType = sourcecode.swift; path = PostSources.swift; sourceTree = "<group>"; };
		OBJ_129 /* PostTokens.swift */ = {isa = PBXFileReference; lastKnownFileType = sourcecode.swift; path = PostTokens.swift; sourceTree = "<group>"; };
		OBJ_13 /* APIResult.swift */ = {isa = PBXFileReference; lastKnownFileType = sourcecode.swift; path = APIResult.swift; sourceTree = "<group>"; };
		OBJ_131 /* DeleteWebhooksById.swift */ = {isa = PBXFileReference; lastKnownFileType = sourcecode.swift; path = DeleteWebhooksById.swift; sourceTree = "<group>"; };
		OBJ_132 /* GetWebhooks.swift */ = {isa = PBXFileReference; lastKnownFileType = sourcecode.swift; path = GetWebhooks.swift; sourceTree = "<group>"; };
		OBJ_133 /* GetWebhooksById.swift */ = {isa = PBXFileReference; lastKnownFileType = sourcecode.swift; path = GetWebhooksById.swift; sourceTree = "<group>"; };
		OBJ_134 /* PatchWebhooksById.swift */ = {isa = PBXFileReference; lastKnownFileType = sourcecode.swift; path = PatchWebhooksById.swift; sourceTree = "<group>"; };
		OBJ_135 /* PostWebhooks.swift */ = {isa = PBXFileReference; lastKnownFileType = sourcecode.swift; path = PostWebhooks.swift; sourceTree = "<group>"; };
		OBJ_136 /* PutWebhooksById.swift */ = {isa = PBXFileReference; lastKnownFileType = sourcecode.swift; path = PutWebhooksById.swift; sourceTree = "<group>"; };
		OBJ_139 /* XCTestManifests.swift */ = {isa = PBXFileReference; lastKnownFileType = sourcecode.swift; path = XCTestManifests.swift; sourceTree = "<group>"; };
		OBJ_14 /* APIService.swift */ = {isa = PBXFileReference; lastKnownFileType = sourcecode.swift; path = APIService.swift; sourceTree = "<group>"; };
		OBJ_140 /* just_some_testTests.swift */ = {isa = PBXFileReference; lastKnownFileType = sourcecode.swift; path = just_some_testTests.swift; sourceTree = "<group>"; };
		OBJ_144 /* AnyError.swift */ = {isa = PBXFileReference; lastKnownFileType = sourcecode.swift; path = AnyError.swift; sourceTree = "<group>"; };
		OBJ_145 /* NoError.swift */ = {isa = PBXFileReference; lastKnownFileType = sourcecode.swift; path = NoError.swift; sourceTree = "<group>"; };
		OBJ_146 /* Result.swift */ = {isa = PBXFileReference; lastKnownFileType = sourcecode.swift; path = Result.swift; sourceTree = "<group>"; };
		OBJ_147 /* ResultProtocol.swift */ = {isa = PBXFileReference; lastKnownFileType = sourcecode.swift; path = ResultProtocol.swift; sourceTree = "<group>"; };
		OBJ_148 /* Package.swift */ = {isa = PBXFileReference; explicitFileType = sourcecode.swift; name = Package.swift; path = "/Users/floriel.fedry/Documents/GitHub/just-some-test/.build/checkouts/Result.git-8684547452332391156/Package.swift"; sourceTree = "<group>"; };
		OBJ_15 /* AnyCodable.swift */ = {isa = PBXFileReference; lastKnownFileType = sourcecode.swift; path = AnyCodable.swift; sourceTree = "<group>"; };
		OBJ_150 /* Package.swift */ = {isa = PBXFileReference; explicitFileType = sourcecode.swift; name = Package.swift; path = "/Users/floriel.fedry/Documents/GitHub/just-some-test/.build/checkouts/Alamofire.git-6801331143877184500/Package.swift"; sourceTree = "<group>"; };
		OBJ_151 /* AFError.swift */ = {isa = PBXFileReference; lastKnownFileType = sourcecode.swift; path = AFError.swift; sourceTree = "<group>"; };
		OBJ_152 /* Alamofire.swift */ = {isa = PBXFileReference; lastKnownFileType = sourcecode.swift; path = Alamofire.swift; sourceTree = "<group>"; };
		OBJ_153 /* DispatchQueue+Alamofire.swift */ = {isa = PBXFileReference; lastKnownFileType = sourcecode.swift; path = "DispatchQueue+Alamofire.swift"; sourceTree = "<group>"; };
		OBJ_154 /* MultipartFormData.swift */ = {isa = PBXFileReference; lastKnownFileType = sourcecode.swift; path = MultipartFormData.swift; sourceTree = "<group>"; };
		OBJ_155 /* NetworkReachabilityManager.swift */ = {isa = PBXFileReference; lastKnownFileType = sourcecode.swift; path = NetworkReachabilityManager.swift; sourceTree = "<group>"; };
		OBJ_156 /* Notifications.swift */ = {isa = PBXFileReference; lastKnownFileType = sourcecode.swift; path = Notifications.swift; sourceTree = "<group>"; };
		OBJ_157 /* ParameterEncoding.swift */ = {isa = PBXFileReference; lastKnownFileType = sourcecode.swift; path = ParameterEncoding.swift; sourceTree = "<group>"; };
		OBJ_158 /* Request.swift */ = {isa = PBXFileReference; lastKnownFileType = sourcecode.swift; path = Request.swift; sourceTree = "<group>"; };
		OBJ_159 /* Response.swift */ = {isa = PBXFileReference; lastKnownFileType = sourcecode.swift; path = Response.swift; sourceTree = "<group>"; };
		OBJ_16 /* Authorization.swift */ = {isa = PBXFileReference; lastKnownFileType = sourcecode.swift; path = Authorization.swift; sourceTree = "<group>"; };
		OBJ_160 /* ResponseSerialization.swift */ = {isa = PBXFileReference; lastKnownFileType = sourcecode.swift; path = ResponseSerialization.swift; sourceTree = "<group>"; };
		OBJ_161 /* Result.swift */ = {isa = PBXFileReference; lastKnownFileType = sourcecode.swift; path = Result.swift; sourceTree = "<group>"; };
		OBJ_162 /* ServerTrustPolicy.swift */ = {isa = PBXFileReference; lastKnownFileType = sourcecode.swift; path = ServerTrustPolicy.swift; sourceTree = "<group>"; };
		OBJ_163 /* SessionDelegate.swift */ = {isa = PBXFileReference; lastKnownFileType = sourcecode.swift; path = SessionDelegate.swift; sourceTree = "<group>"; };
		OBJ_164 /* SessionManager.swift */ = {isa = PBXFileReference; lastKnownFileType = sourcecode.swift; path = SessionManager.swift; sourceTree = "<group>"; };
		OBJ_165 /* TaskDelegate.swift */ = {isa = PBXFileReference; lastKnownFileType = sourcecode.swift; path = TaskDelegate.swift; sourceTree = "<group>"; };
		OBJ_166 /* Timeline.swift */ = {isa = PBXFileReference; lastKnownFileType = sourcecode.swift; path = Timeline.swift; sourceTree = "<group>"; };
		OBJ_167 /* Validation.swift */ = {isa = PBXFileReference; lastKnownFileType = sourcecode.swift; path = Validation.swift; sourceTree = "<group>"; };
		OBJ_17 /* Coding.swift */ = {isa = PBXFileReference; lastKnownFileType = sourcecode.swift; path = Coding.swift; sourceTree = "<group>"; };
		OBJ_19 /* MediaType.swift */ = {isa = PBXFileReference; lastKnownFileType = sourcecode.swift; path = MediaType.swift; sourceTree = "<group>"; };
		OBJ_21 /* ActionId.swift */ = {isa = PBXFileReference; lastKnownFileType = sourcecode.swift; path = ActionId.swift; sourceTree = "<group>"; };
		OBJ_22 /* AddSourceResponse.swift */ = {isa = PBXFileReference; lastKnownFileType = sourcecode.swift; path = AddSourceResponse.swift; sourceTree = "<group>"; };
		OBJ_23 /* Address.swift */ = {isa = PBXFileReference; lastKnownFileType = sourcecode.swift; path = Address.swift; sourceTree = "<group>"; };
		OBJ_24 /* ApplePayTokenRequest.swift */ = {isa = PBXFileReference; lastKnownFileType = sourcecode.swift; path = ApplePayTokenRequest.swift; sourceTree = "<group>"; };
		OBJ_25 /* ApplePayTokenResponse.swift */ = {isa = PBXFileReference; lastKnownFileType = sourcecode.swift; path = ApplePayTokenResponse.swift; sourceTree = "<group>"; };
		OBJ_26 /* Batch.swift */ = {isa = PBXFileReference; lastKnownFileType = sourcecode.swift; path = Batch.swift; sourceTree = "<group>"; };
		OBJ_27 /* BillingDescriptor.swift */ = {isa = PBXFileReference; lastKnownFileType = sourcecode.swift; path = BillingDescriptor.swift; sourceTree = "<group>"; };
		OBJ_28 /* BillingDetails.swift */ = {isa = PBXFileReference; lastKnownFileType = sourcecode.swift; path = BillingDetails.swift; sourceTree = "<group>"; };
		OBJ_29 /* CaptureAcceptedResponse.swift */ = {isa = PBXFileReference; lastKnownFileType = sourcecode.swift; path = CaptureAcceptedResponse.swift; sourceTree = "<group>"; };
		OBJ_30 /* CaptureRequest.swift */ = {isa = PBXFileReference; lastKnownFileType = sourcecode.swift; path = CaptureRequest.swift; sourceTree = "<group>"; };
		OBJ_31 /* Card.swift */ = {isa = PBXFileReference; lastKnownFileType = sourcecode.swift; path = Card.swift; sourceTree = "<group>"; };
		OBJ_32 /* CardTokenRequest.swift */ = {isa = PBXFileReference; lastKnownFileType = sourcecode.swift; path = CardTokenRequest.swift; sourceTree = "<group>"; };
		OBJ_33 /* CardTokenResponse.swift */ = {isa = PBXFileReference; lastKnownFileType = sourcecode.swift; path = CardTokenResponse.swift; sourceTree = "<group>"; };
		OBJ_34 /* CustomerPaymentPlan.swift */ = {isa = PBXFileReference; lastKnownFileType = sourcecode.swift; path = CustomerPaymentPlan.swift; sourceTree = "<group>"; };
		OBJ_35 /* DataType.swift */ = {isa = PBXFileReference; lastKnownFileType = sourcecode.swift; path = DataType.swift; sourceTree = "<group>"; };
		OBJ_36 /* ErrorType.swift */ = {isa = PBXFileReference; lastKnownFileType = sourcecode.swift; path = ErrorType.swift; sourceTree = "<group>"; };
		OBJ_37 /* EventId.swift */ = {isa = PBXFileReference; lastKnownFileType = sourcecode.swift; path = EventId.swift; sourceTree = "<group>"; };
		OBJ_38 /* EventLinks.swift */ = {isa = PBXFileReference; lastKnownFileType = sourcecode.swift; path = EventLinks.swift; sourceTree = "<group>"; };
		OBJ_39 /* EventObject.swift */ = {isa = PBXFileReference; lastKnownFileType = sourcecode.swift; path = EventObject.swift; sourceTree = "<group>"; };
		OBJ_40 /* EventResult.swift */ = {isa = PBXFileReference; lastKnownFileType = sourcecode.swift; path = EventResult.swift; sourceTree = "<group>"; };
		OBJ_41 /* EventSummary.swift */ = {isa = PBXFileReference; lastKnownFileType = sourcecode.swift; path = EventSummary.swift; sourceTree = "<group>"; };
		OBJ_42 /* EventTypesObject.swift */ = {isa = PBXFileReference; lastKnownFileType = sourcecode.swift; path = EventTypesObject.swift; sourceTree = "<group>"; };
		OBJ_43 /* File.swift */ = {isa = PBXFileReference; lastKnownFileType = sourcecode.swift; path = File.swift; sourceTree = "<group>"; };
		OBJ_44 /* FileUploadResponse.swift */ = {isa = PBXFileReference; lastKnownFileType = sourcecode.swift; path = FileUploadResponse.swift; sourceTree = "<group>"; };
		OBJ_45 /* GooglePayTokenRequest.swift */ = {isa = PBXFileReference; lastKnownFileType = sourcecode.swift; path = GooglePayTokenRequest.swift; sourceTree = "<group>"; };
		OBJ_46 /* GooglePayTokenResponse.swift */ = {isa = PBXFileReference; lastKnownFileType = sourcecode.swift; path = GooglePayTokenResponse.swift; sourceTree = "<group>"; };
		OBJ_47 /* IPAddress.swift */ = {isa = PBXFileReference; lastKnownFileType = sourcecode.swift; path = IPAddress.swift; sourceTree = "<group>"; };
		OBJ_48 /* InvalidError.swift */ = {isa = PBXFileReference; lastKnownFileType = sourcecode.swift; path = InvalidError.swift; sourceTree = "<group>"; };
		OBJ_49 /* Item.swift */ = {isa = PBXFileReference; lastKnownFileType = sourcecode.swift; path = Item.swift; sourceTree = "<group>"; };
		OBJ_50 /* Link.swift */ = {isa = PBXFileReference; lastKnownFileType = sourcecode.swift; path = Link.swift; sourceTree = "<group>"; };
		OBJ_51 /* Notification.swift */ = {isa = PBXFileReference; lastKnownFileType = sourcecode.swift; path = Notification.swift; sourceTree = "<group>"; };
		OBJ_52 /* NotificationAttempt.swift */ = {isa = PBXFileReference; lastKnownFileType = sourcecode.swift; path = NotificationAttempt.swift; sourceTree = "<group>"; };
		OBJ_53 /* NotificationId.swift */ = {isa = PBXFileReference; lastKnownFileType = sourcecode.swift; path = NotificationId.swift; sourceTree = "<group>"; };
		OBJ_54 /* NotificationSummary.swift */ = {isa = PBXFileReference; lastKnownFileType = sourcecode.swift; path = NotificationSummary.swift; sourceTree = "<group>"; };
		OBJ_55 /* Payment.swift */ = {isa = PBXFileReference; lastKnownFileType = sourcecode.swift; path = Payment.swift; sourceTree = "<group>"; };
		OBJ_56 /* PaymentAcceptedResponse.swift */ = {isa = PBXFileReference; lastKnownFileType = sourcecode.swift; path = PaymentAcceptedResponse.swift; sourceTree = "<group>"; };
		OBJ_57 /* PaymentAction.swift */ = {isa = PBXFileReference; lastKnownFileType = sourcecode.swift; path = PaymentAction.swift; sourceTree = "<group>"; };
		OBJ_58 /* PaymentActionsResponse.swift */ = {isa = PBXFileReference; lastKnownFileType = sourcecode.swift; path = PaymentActionsResponse.swift; sourceTree = "<group>"; };
		OBJ_59 /* PaymentDestination.swift */ = {isa = PBXFileReference; lastKnownFileType = sourcecode.swift; path = PaymentDestination.swift; sourceTree = "<group>"; };
		OBJ_6 /* Package.swift */ = {isa = PBXFileReference; explicitFileType = sourcecode.swift; path = Package.swift; sourceTree = "<group>"; };
		OBJ_60 /* PaymentId.swift */ = {isa = PBXFileReference; lastKnownFileType = sourcecode.swift; path = PaymentId.swift; sourceTree = "<group>"; };
		OBJ_61 /* PaymentRecipient.swift */ = {isa = PBXFileReference; lastKnownFileType = sourcecode.swift; path = PaymentRecipient.swift; sourceTree = "<group>"; };
		OBJ_62 /* PaymentRequest.swift */ = {isa = PBXFileReference; lastKnownFileType = sourcecode.swift; path = PaymentRequest.swift; sourceTree = "<group>"; };
		OBJ_63 /* PaymentRequestCardSource.swift */ = {isa = PBXFileReference; lastKnownFileType = sourcecode.swift; path = PaymentRequestCardSource.swift; sourceTree = "<group>"; };
		OBJ_64 /* PaymentRequestCustomerSource.swift */ = {isa = PBXFileReference; lastKnownFileType = sourcecode.swift; path = PaymentRequestCustomerSource.swift; sourceTree = "<group>"; };
		OBJ_65 /* PaymentRequestIdSource.swift */ = {isa = PBXFileReference; lastKnownFileType = sourcecode.swift; path = PaymentRequestIdSource.swift; sourceTree = "<group>"; };
		OBJ_66 /* PaymentRequestIdealSource.swift */ = {isa = PBXFileReference; lastKnownFileType = sourcecode.swift; path = PaymentRequestIdealSource.swift; sourceTree = "<group>"; };
		OBJ_67 /* PaymentRequestSource.swift */ = {isa = PBXFileReference; lastKnownFileType = sourcecode.swift; path = PaymentRequestSource.swift; sourceTree = "<group>"; };
		OBJ_68 /* PaymentRequestTokenSource.swift */ = {isa = PBXFileReference; lastKnownFileType = sourcecode.swift; path = PaymentRequestTokenSource.swift; sourceTree = "<group>"; };
		OBJ_69 /* PaymentResponse.swift */ = {isa = PBXFileReference; lastKnownFileType = sourcecode.swift; path = PaymentResponse.swift; sourceTree = "<group>"; };
		OBJ_70 /* PaymentResponseCardSource.swift */ = {isa = PBXFileReference; lastKnownFileType = sourcecode.swift; path = PaymentResponseCardSource.swift; sourceTree = "<group>"; };
		OBJ_71 /* PaymentResponseCustomer.swift */ = {isa = PBXFileReference; lastKnownFileType = sourcecode.swift; path = PaymentResponseCustomer.swift; sourceTree = "<group>"; };
		OBJ_72 /* PaymentResponseSource.swift */ = {isa = PBXFileReference; lastKnownFileType = sourcecode.swift; path = PaymentResponseSource.swift; sourceTree = "<group>"; };
		OBJ_73 /* PaymentSource.swift */ = {isa = PBXFileReference; lastKnownFileType = sourcecode.swift; path = PaymentSource.swift; sourceTree = "<group>"; };
		OBJ_74 /* Phone.swift */ = {isa = PBXFileReference; lastKnownFileType = sourcecode.swift; path = Phone.swift; sourceTree = "<group>"; };
		OBJ_75 /* PhoneNumber.swift */ = {isa = PBXFileReference; lastKnownFileType = sourcecode.swift; path = PhoneNumber.swift; sourceTree = "<group>"; };
		OBJ_76 /* Product.swift */ = {isa = PBXFileReference; lastKnownFileType = sourcecode.swift; path = Product.swift; sourceTree = "<group>"; };
		OBJ_77 /* RefundAcceptedResponse.swift */ = {isa = PBXFileReference; lastKnownFileType = sourcecode.swift; path = RefundAcceptedResponse.swift; sourceTree = "<group>"; };
		OBJ_78 /* RefundRequest.swift */ = {isa = PBXFileReference; lastKnownFileType = sourcecode.swift; path = RefundRequest.swift; sourceTree = "<group>"; };
		OBJ_79 /* ResourceId.swift */ = {isa = PBXFileReference; lastKnownFileType = sourcecode.swift; path = ResourceId.swift; sourceTree = "<group>"; };
		OBJ_8 /* API.swift */ = {isa = PBXFileReference; lastKnownFileType = sourcecode.swift; path = API.swift; sourceTree = "<group>"; };
		OBJ_80 /* SelfLink.swift */ = {isa = PBXFileReference; lastKnownFileType = sourcecode.swift; path = SelfLink.swift; sourceTree = "<group>"; };
		OBJ_81 /* SepaSource.swift */ = {isa = PBXFileReference; lastKnownFileType = sourcecode.swift; path = SepaSource.swift; sourceTree = "<group>"; };
		OBJ_82 /* SepaSourceResponse.swift */ = {isa = PBXFileReference; lastKnownFileType = sourcecode.swift; path = SepaSourceResponse.swift; sourceTree = "<group>"; };
		OBJ_83 /* ServerTimestamp.swift */ = {isa = PBXFileReference; lastKnownFileType = sourcecode.swift; path = ServerTimestamp.swift; sourceTree = "<group>"; };
		OBJ_84 /* ShippingDetails.swift */ = {isa = PBXFileReference; lastKnownFileType = sourcecode.swift; path = ShippingDetails.swift; sourceTree = "<group>"; };
		OBJ_85 /* Source.swift */ = {isa = PBXFileReference; lastKnownFileType = sourcecode.swift; path = Source.swift; sourceTree = "<group>"; };
		OBJ_86 /* SourceRedirectResponse.swift */ = {isa = PBXFileReference; lastKnownFileType = sourcecode.swift; path = SourceRedirectResponse.swift; sourceTree = "<group>"; };
		OBJ_87 /* SourceRequest.swift */ = {isa = PBXFileReference; lastKnownFileType = sourcecode.swift; path = SourceRequest.swift; sourceTree = "<group>"; };
		OBJ_88 /* SourceResponseCustomer.swift */ = {isa = PBXFileReference; lastKnownFileType = sourcecode.swift; path = SourceResponseCustomer.swift; sourceTree = "<group>"; };
		OBJ_89 /* SubmitBatchRequest.swift */ = {isa = PBXFileReference; lastKnownFileType = sourcecode.swift; path = SubmitBatchRequest.swift; sourceTree = "<group>"; };
		OBJ_9 /* APIClient.swift */ = {isa = PBXFileReference; lastKnownFileType = sourcecode.swift; path = APIClient.swift; sourceTree = "<group>"; };
		OBJ_90 /* SubmitBatchResponse.swift */ = {isa = PBXFileReference; lastKnownFileType = sourcecode.swift; path = SubmitBatchResponse.swift; sourceTree = "<group>"; };
		OBJ_91 /* Timestamp.swift */ = {isa = PBXFileReference; lastKnownFileType = sourcecode.swift; path = Timestamp.swift; sourceTree = "<group>"; };
		OBJ_92 /* TokenRequest.swift */ = {isa = PBXFileReference; lastKnownFileType = sourcecode.swift; path = TokenRequest.swift; sourceTree = "<group>"; };
		OBJ_93 /* TokenResponse.swift */ = {isa = PBXFileReference; lastKnownFileType = sourcecode.swift; path = TokenResponse.swift; sourceTree = "<group>"; };
		OBJ_94 /* ValidationError.swift */ = {isa = PBXFileReference; lastKnownFileType = sourcecode.swift; path = ValidationError.swift; sourceTree = "<group>"; };
		OBJ_95 /* VoidAcceptedResponse.swift */ = {isa = PBXFileReference; lastKnownFileType = sourcecode.swift; path = VoidAcceptedResponse.swift; sourceTree = "<group>"; };
		OBJ_96 /* VoidRequest.swift */ = {isa = PBXFileReference; lastKnownFileType = sourcecode.swift; path = VoidRequest.swift; sourceTree = "<group>"; };
		OBJ_97 /* VoidResponse.swift */ = {isa = PBXFileReference; lastKnownFileType = sourcecode.swift; path = VoidResponse.swift; sourceTree = "<group>"; };
		OBJ_98 /* Webhook.swift */ = {isa = PBXFileReference; lastKnownFileType = sourcecode.swift; path = Webhook.swift; sourceTree = "<group>"; };
		OBJ_99 /* WebhookEvents.swift */ = {isa = PBXFileReference; lastKnownFileType = sourcecode.swift; path = WebhookEvents.swift; sourceTree = "<group>"; };
		"Result::Result::Product" /* Result.framework */ = {isa = PBXFileReference; explicitFileType = wrapper.framework; path = Result.framework; sourceTree = BUILT_PRODUCTS_DIR; };
		"just-some-test::just-some-test::Product" /* just_some_test.framework */ = {isa = PBXFileReference; explicitFileType = wrapper.framework; path = just_some_test.framework; sourceTree = BUILT_PRODUCTS_DIR; };
		"just-some-test::just-some-testTests::Product" /* just_some_testTests.xctest */ = {isa = PBXFileReference; lastKnownFileType = file; name = just_some_testTests.xctest; path = "just-some-testTests.xctest"; sourceTree = BUILT_PRODUCTS_DIR; };
/* End PBXFileReference section */

/* Begin PBXFrameworksBuildPhase section */
		OBJ_195 /* Frameworks */ = {
			isa = PBXFrameworksBuildPhase;
			buildActionMask = 0;
			files = (
			);
			runOnlyForDeploymentPostprocessing = 0;
		};
		OBJ_211 /* Frameworks */ = {
			isa = PBXFrameworksBuildPhase;
			buildActionMask = 0;
			files = (
			);
			runOnlyForDeploymentPostprocessing = 0;
		};
		OBJ_342 /* Frameworks */ = {
			isa = PBXFrameworksBuildPhase;
			buildActionMask = 0;
			files = (
				OBJ_343 /* Result.framework in Frameworks */,
				OBJ_344 /* Alamofire.framework in Frameworks */,
			);
			runOnlyForDeploymentPostprocessing = 0;
		};
		OBJ_365 /* Frameworks */ = {
			isa = PBXFrameworksBuildPhase;
			buildActionMask = 0;
			files = (
				OBJ_366 /* just_some_test.framework in Frameworks */,
				OBJ_367 /* Result.framework in Frameworks */,
				OBJ_368 /* Alamofire.framework in Frameworks */,
			);
			runOnlyForDeploymentPostprocessing = 0;
		};
/* End PBXFrameworksBuildPhase section */

/* Begin PBXGroup section */
		OBJ_104 /* Requests */ = {
			isa = PBXGroup;
			children = (
				OBJ_105 /* BatchProcessing */,
				OBJ_108 /* Events */,
				OBJ_115 /* Files */,
				OBJ_118 /* Payments */,
				OBJ_125 /* Sources */,
				OBJ_128 /* Tokens */,
				OBJ_130 /* Webhooks */,
			);
			path = Requests;
			sourceTree = "<group>";
		};
		OBJ_105 /* BatchProcessing */ = {
			isa = PBXGroup;
			children = (
				OBJ_106 /* GetBatchesById.swift */,
				OBJ_107 /* PostBatches.swift */,
			);
			path = BatchProcessing;
			sourceTree = "<group>";
		};
		OBJ_108 /* Events */ = {
			isa = PBXGroup;
			children = (
				OBJ_109 /* GetEventTypes.swift */,
				OBJ_110 /* GetEvents.swift */,
				OBJ_111 /* GetEventsByEventId.swift */,
				OBJ_112 /* GetEventsByEventIdNotificationsByNotificationId.swift */,
				OBJ_113 /* PostEventsByEventIdWebhooksByWebhookIdRetry.swift */,
				OBJ_114 /* PostEventsByEventIdWebhooksRetry.swift */,
			);
			path = Events;
			sourceTree = "<group>";
		};
		OBJ_115 /* Files */ = {
			isa = PBXGroup;
			children = (
				OBJ_116 /* GetFilesById.swift */,
				OBJ_117 /* PostFiles.swift */,
			);
			path = Files;
			sourceTree = "<group>";
		};
		OBJ_118 /* Payments */ = {
			isa = PBXGroup;
			children = (
				OBJ_119 /* GetPaymentsById.swift */,
				OBJ_120 /* GetPaymentsByIdActions.swift */,
				OBJ_121 /* PostPayments.swift */,
				OBJ_122 /* PostPaymentsByIdCaptures.swift */,
				OBJ_123 /* PostPaymentsByIdRefunds.swift */,
				OBJ_124 /* PostPaymentsByIdVoids.swift */,
			);
			path = Payments;
			sourceTree = "<group>";
		};
		OBJ_125 /* Sources */ = {
			isa = PBXGroup;
			children = (
				OBJ_126 /* GetSourcesById.swift */,
				OBJ_127 /* PostSources.swift */,
			);
			path = Sources;
			sourceTree = "<group>";
		};
		OBJ_128 /* Tokens */ = {
			isa = PBXGroup;
			children = (
				OBJ_129 /* PostTokens.swift */,
			);
			path = Tokens;
			sourceTree = "<group>";
		};
		OBJ_130 /* Webhooks */ = {
			isa = PBXGroup;
			children = (
				OBJ_131 /* DeleteWebhooksById.swift */,
				OBJ_132 /* GetWebhooks.swift */,
				OBJ_133 /* GetWebhooksById.swift */,
				OBJ_134 /* PatchWebhooksById.swift */,
				OBJ_135 /* PostWebhooks.swift */,
				OBJ_136 /* PutWebhooksById.swift */,
			);
			path = Webhooks;
			sourceTree = "<group>";
		};
		OBJ_137 /* Tests */ = {
			isa = PBXGroup;
			children = (
				OBJ_138 /* just-some-testTests */,
			);
			name = Tests;
			sourceTree = SOURCE_ROOT;
		};
		OBJ_138 /* just-some-testTests */ = {
			isa = PBXGroup;
			children = (
				OBJ_139 /* XCTestManifests.swift */,
				OBJ_140 /* just_some_testTests.swift */,
			);
			name = "just-some-testTests";
			path = "Tests/just-some-testTests";
			sourceTree = SOURCE_ROOT;
		};
		OBJ_141 /* Dependencies */ = {
			isa = PBXGroup;
			children = (
				OBJ_142 /* Result 4.0.0 */,
				OBJ_149 /* Alamofire 4.7.2 */,
			);
			name = Dependencies;
			sourceTree = "<group>";
		};
		OBJ_142 /* Result 4.0.0 */ = {
			isa = PBXGroup;
			children = (
				OBJ_143 /* Result */,
				OBJ_148 /* Package.swift */,
			);
			name = "Result 4.0.0";
			sourceTree = SOURCE_ROOT;
		};
		OBJ_143 /* Result */ = {
			isa = PBXGroup;
			children = (
				OBJ_144 /* AnyError.swift */,
				OBJ_145 /* NoError.swift */,
				OBJ_146 /* Result.swift */,
				OBJ_147 /* ResultProtocol.swift */,
			);
			name = Result;
			path = ".build/checkouts/Result.git-8684547452332391156/Result";
			sourceTree = SOURCE_ROOT;
		};
		OBJ_149 /* Alamofire 4.7.2 */ = {
			isa = PBXGroup;
			children = (
				OBJ_150 /* Package.swift */,
				OBJ_151 /* AFError.swift */,
				OBJ_152 /* Alamofire.swift */,
				OBJ_153 /* DispatchQueue+Alamofire.swift */,
				OBJ_154 /* MultipartFormData.swift */,
				OBJ_155 /* NetworkReachabilityManager.swift */,
				OBJ_156 /* Notifications.swift */,
				OBJ_157 /* ParameterEncoding.swift */,
				OBJ_158 /* Request.swift */,
				OBJ_159 /* Response.swift */,
				OBJ_160 /* ResponseSerialization.swift */,
				OBJ_161 /* Result.swift */,
				OBJ_162 /* ServerTrustPolicy.swift */,
				OBJ_163 /* SessionDelegate.swift */,
				OBJ_164 /* SessionManager.swift */,
				OBJ_165 /* TaskDelegate.swift */,
				OBJ_166 /* Timeline.swift */,
				OBJ_167 /* Validation.swift */,
			);
			name = "Alamofire 4.7.2";
			path = ".build/checkouts/Alamofire.git-6801331143877184500/Source";
			sourceTree = SOURCE_ROOT;
		};
		OBJ_168 /* Products */ = {
			isa = PBXGroup;
			children = (
				"just-some-test::just-some-testTests::Product" /* just_some_testTests.xctest */,
				"just-some-test::just-some-test::Product" /* just_some_test.framework */,
				"Result::Result::Product" /* Result.framework */,
				"Alamofire::Alamofire::Product" /* Alamofire.framework */,
			);
			name = Products;
			sourceTree = BUILT_PRODUCTS_DIR;
		};
		OBJ_18 /* Enums */ = {
			isa = PBXGroup;
			children = (
				OBJ_19 /* MediaType.swift */,
			);
			path = Enums;
			sourceTree = "<group>";
		};
		OBJ_20 /* Models */ = {
			isa = PBXGroup;
			children = (
				OBJ_21 /* ActionId.swift */,
				OBJ_22 /* AddSourceResponse.swift */,
				OBJ_23 /* Address.swift */,
				OBJ_24 /* ApplePayTokenRequest.swift */,
				OBJ_25 /* ApplePayTokenResponse.swift */,
				OBJ_26 /* Batch.swift */,
				OBJ_27 /* BillingDescriptor.swift */,
				OBJ_28 /* BillingDetails.swift */,
				OBJ_29 /* CaptureAcceptedResponse.swift */,
				OBJ_30 /* CaptureRequest.swift */,
				OBJ_31 /* Card.swift */,
				OBJ_32 /* CardTokenRequest.swift */,
				OBJ_33 /* CardTokenResponse.swift */,
				OBJ_34 /* CustomerPaymentPlan.swift */,
				OBJ_35 /* DataType.swift */,
				OBJ_36 /* ErrorType.swift */,
				OBJ_37 /* EventId.swift */,
				OBJ_38 /* EventLinks.swift */,
				OBJ_39 /* EventObject.swift */,
				OBJ_40 /* EventResult.swift */,
				OBJ_41 /* EventSummary.swift */,
				OBJ_42 /* EventTypesObject.swift */,
				OBJ_43 /* File.swift */,
				OBJ_44 /* FileUploadResponse.swift */,
				OBJ_45 /* GooglePayTokenRequest.swift */,
				OBJ_46 /* GooglePayTokenResponse.swift */,
				OBJ_47 /* IPAddress.swift */,
				OBJ_48 /* InvalidError.swift */,
				OBJ_49 /* Item.swift */,
				OBJ_50 /* Link.swift */,
				OBJ_51 /* Notification.swift */,
				OBJ_52 /* NotificationAttempt.swift */,
				OBJ_53 /* NotificationId.swift */,
				OBJ_54 /* NotificationSummary.swift */,
				OBJ_55 /* Payment.swift */,
				OBJ_56 /* PaymentAcceptedResponse.swift */,
				OBJ_57 /* PaymentAction.swift */,
				OBJ_58 /* PaymentActionsResponse.swift */,
				OBJ_59 /* PaymentDestination.swift */,
				OBJ_60 /* PaymentId.swift */,
				OBJ_61 /* PaymentRecipient.swift */,
				OBJ_62 /* PaymentRequest.swift */,
				OBJ_63 /* PaymentRequestCardSource.swift */,
				OBJ_64 /* PaymentRequestCustomerSource.swift */,
				OBJ_65 /* PaymentRequestIdSource.swift */,
				OBJ_66 /* PaymentRequestIdealSource.swift */,
				OBJ_67 /* PaymentRequestSource.swift */,
				OBJ_68 /* PaymentRequestTokenSource.swift */,
				OBJ_69 /* PaymentResponse.swift */,
				OBJ_70 /* PaymentResponseCardSource.swift */,
				OBJ_71 /* PaymentResponseCustomer.swift */,
				OBJ_72 /* PaymentResponseSource.swift */,
				OBJ_73 /* PaymentSource.swift */,
				OBJ_74 /* Phone.swift */,
				OBJ_75 /* PhoneNumber.swift */,
				OBJ_76 /* Product.swift */,
				OBJ_77 /* RefundAcceptedResponse.swift */,
				OBJ_78 /* RefundRequest.swift */,
				OBJ_79 /* ResourceId.swift */,
				OBJ_80 /* SelfLink.swift */,
				OBJ_81 /* SepaSource.swift */,
				OBJ_82 /* SepaSourceResponse.swift */,
				OBJ_83 /* ServerTimestamp.swift */,
				OBJ_84 /* ShippingDetails.swift */,
				OBJ_85 /* Source.swift */,
				OBJ_86 /* SourceRedirectResponse.swift */,
				OBJ_87 /* SourceRequest.swift */,
				OBJ_88 /* SourceResponseCustomer.swift */,
				OBJ_89 /* SubmitBatchRequest.swift */,
				OBJ_90 /* SubmitBatchResponse.swift */,
				OBJ_91 /* Timestamp.swift */,
				OBJ_92 /* TokenRequest.swift */,
				OBJ_93 /* TokenResponse.swift */,
				OBJ_94 /* ValidationError.swift */,
				OBJ_95 /* VoidAcceptedResponse.swift */,
				OBJ_96 /* VoidRequest.swift */,
				OBJ_97 /* VoidResponse.swift */,
				OBJ_98 /* Webhook.swift */,
				OBJ_99 /* WebhookEvents.swift */,
				OBJ_100 /* WebhookRequest.swift */,
				OBJ_101 /* _3dsData.swift */,
				OBJ_102 /* _3dsEnrollmentData.swift */,
			);
			path = Models;
			sourceTree = "<group>";
		};
		OBJ_5 = {
			isa = PBXGroup;
			children = (
				OBJ_6 /* Package.swift */,
				OBJ_7 /* Sources */,
				OBJ_137 /* Tests */,
				OBJ_141 /* Dependencies */,
				OBJ_168 /* Products */,
			);
			sourceTree = "<group>";
		};
		OBJ_7 /* Sources */ = {
			isa = PBXGroup;
			children = (
				OBJ_8 /* API.swift */,
				OBJ_9 /* APIClient.swift */,
				OBJ_10 /* APIError.swift */,
				OBJ_11 /* APIRequest.swift */,
				OBJ_12 /* APIResponse.swift */,
				OBJ_13 /* APIResult.swift */,
				OBJ_14 /* APIService.swift */,
				OBJ_15 /* AnyCodable.swift */,
				OBJ_16 /* Authorization.swift */,
				OBJ_17 /* Coding.swift */,
				OBJ_18 /* Enums */,
				OBJ_20 /* Models */,
				OBJ_103 /* RequestBehaviour.swift */,
				OBJ_104 /* Requests */,
			);
			path = Sources;
			sourceTree = SOURCE_ROOT;
		};
/* End PBXGroup section */

/* Begin PBXNativeTarget section */
		"Alamofire::Alamofire" /* Alamofire */ = {
			isa = PBXNativeTarget;
			buildConfigurationList = OBJ_174 /* Build configuration list for PBXNativeTarget "Alamofire" */;
			buildPhases = (
				OBJ_177 /* Sources */,
				OBJ_195 /* Frameworks */,
			);
			buildRules = (
			);
			dependencies = (
			);
			name = Alamofire;
			productName = Alamofire;
			productReference = "Alamofire::Alamofire::Product" /* Alamofire.framework */;
			productType = "com.apple.product-type.framework";
		};
		"Alamofire::SwiftPMPackageDescription" /* AlamofirePackageDescription */ = {
			isa = PBXNativeTarget;
			buildConfigurationList = OBJ_197 /* Build configuration list for PBXNativeTarget "AlamofirePackageDescription" */;
			buildPhases = (
				OBJ_200 /* Sources */,
			);
			buildRules = (
			);
			dependencies = (
			);
			name = AlamofirePackageDescription;
			productName = AlamofirePackageDescription;
			productType = "com.apple.product-type.framework";
		};
		"Result::Result" /* Result */ = {
			isa = PBXNativeTarget;
			buildConfigurationList = OBJ_203 /* Build configuration list for PBXNativeTarget "Result" */;
			buildPhases = (
				OBJ_206 /* Sources */,
				OBJ_211 /* Frameworks */,
			);
			buildRules = (
			);
			dependencies = (
			);
			name = Result;
			productName = Result;
			productReference = "Result::Result::Product" /* Result.framework */;
			productType = "com.apple.product-type.framework";
		};
		"Result::SwiftPMPackageDescription" /* ResultPackageDescription */ = {
			isa = PBXNativeTarget;
			buildConfigurationList = OBJ_213 /* Build configuration list for PBXNativeTarget "ResultPackageDescription" */;
			buildPhases = (
				OBJ_216 /* Sources */,
			);
			buildRules = (
			);
			dependencies = (
			);
			name = ResultPackageDescription;
			productName = ResultPackageDescription;
			productType = "com.apple.product-type.framework";
		};
		"just-some-test::SwiftPMPackageDescription" /* just-some-testPackageDescription */ = {
			isa = PBXNativeTarget;
			buildConfigurationList = OBJ_348 /* Build configuration list for PBXNativeTarget "just-some-testPackageDescription" */;
			buildPhases = (
				OBJ_351 /* Sources */,
			);
			buildRules = (
			);
			dependencies = (
			);
			name = "just-some-testPackageDescription";
			productName = "just-some-testPackageDescription";
			productType = "com.apple.product-type.framework";
		};
		"just-some-test::just-some-test" /* just-some-test */ = {
			isa = PBXNativeTarget;
			buildConfigurationList = OBJ_219 /* Build configuration list for PBXNativeTarget "just-some-test" */;
			buildPhases = (
				OBJ_222 /* Sources */,
				OBJ_342 /* Frameworks */,
			);
			buildRules = (
			);
			dependencies = (
				OBJ_345 /* PBXTargetDependency */,
				OBJ_346 /* PBXTargetDependency */,
			);
			name = "just-some-test";
			productName = just_some_test;
			productReference = "just-some-test::just-some-test::Product" /* just_some_test.framework */;
			productType = "com.apple.product-type.framework";
		};
		"just-some-test::just-some-testTests" /* just-some-testTests */ = {
			isa = PBXNativeTarget;
			buildConfigurationList = OBJ_359 /* Build configuration list for PBXNativeTarget "just-some-testTests" */;
			buildPhases = (
				OBJ_362 /* Sources */,
				OBJ_365 /* Frameworks */,
			);
			buildRules = (
			);
			dependencies = (
				OBJ_369 /* PBXTargetDependency */,
				OBJ_370 /* PBXTargetDependency */,
				OBJ_371 /* PBXTargetDependency */,
			);
			name = "just-some-testTests";
			productName = just_some_testTests;
			productReference = "just-some-test::just-some-testTests::Product" /* just_some_testTests.xctest */;
			productType = "com.apple.product-type.bundle.unit-test";
		};
/* End PBXNativeTarget section */

/* Begin PBXProject section */
		OBJ_1 /* Project object */ = {
			isa = PBXProject;
			attributes = {
				LastUpgradeCheck = 9999;
				TargetAttributes = {
					"Alamofire::Alamofire" = {
						LastSwiftMigration = 0940;
					};
				};
			};
			buildConfigurationList = OBJ_2 /* Build configuration list for PBXProject "just-some-test" */;
			compatibilityVersion = "Xcode 3.2";
			developmentRegion = English;
			hasScannedForEncodings = 0;
			knownRegions = (
				en,
			);
			mainGroup = OBJ_5;
			productRefGroup = OBJ_168 /* Products */;
			projectDirPath = "";
			projectRoot = "";
			targets = (
				"Alamofire::Alamofire" /* Alamofire */,
				"Alamofire::SwiftPMPackageDescription" /* AlamofirePackageDescription */,
				"Result::Result" /* Result */,
				"Result::SwiftPMPackageDescription" /* ResultPackageDescription */,
				"just-some-test::just-some-test" /* just-some-test */,
				"just-some-test::SwiftPMPackageDescription" /* just-some-testPackageDescription */,
				"just-some-test::just-some-testPackageTests::ProductTarget" /* just-some-testPackageTests */,
				"just-some-test::just-some-testTests" /* just-some-testTests */,
			);
		};
/* End PBXProject section */

/* Begin PBXSourcesBuildPhase section */
		OBJ_177 /* Sources */ = {
			isa = PBXSourcesBuildPhase;
			buildActionMask = 0;
			files = (
				OBJ_178 /* AFError.swift in Sources */,
				OBJ_179 /* Alamofire.swift in Sources */,
				OBJ_180 /* DispatchQueue+Alamofire.swift in Sources */,
				OBJ_181 /* MultipartFormData.swift in Sources */,
				OBJ_182 /* NetworkReachabilityManager.swift in Sources */,
				OBJ_183 /* Notifications.swift in Sources */,
				OBJ_184 /* ParameterEncoding.swift in Sources */,
				OBJ_185 /* Request.swift in Sources */,
				OBJ_186 /* Response.swift in Sources */,
				OBJ_187 /* ResponseSerialization.swift in Sources */,
				OBJ_188 /* Result.swift in Sources */,
				OBJ_189 /* ServerTrustPolicy.swift in Sources */,
				OBJ_190 /* SessionDelegate.swift in Sources */,
				OBJ_191 /* SessionManager.swift in Sources */,
				OBJ_192 /* TaskDelegate.swift in Sources */,
				OBJ_193 /* Timeline.swift in Sources */,
				OBJ_194 /* Validation.swift in Sources */,
			);
			runOnlyForDeploymentPostprocessing = 0;
		};
		OBJ_200 /* Sources */ = {
			isa = PBXSourcesBuildPhase;
			buildActionMask = 0;
			files = (
				OBJ_201 /* Package.swift in Sources */,
			);
			runOnlyForDeploymentPostprocessing = 0;
		};
		OBJ_206 /* Sources */ = {
			isa = PBXSourcesBuildPhase;
			buildActionMask = 0;
			files = (
				OBJ_207 /* AnyError.swift in Sources */,
				OBJ_208 /* NoError.swift in Sources */,
				OBJ_209 /* Result.swift in Sources */,
				OBJ_210 /* ResultProtocol.swift in Sources */,
			);
			runOnlyForDeploymentPostprocessing = 0;
		};
		OBJ_216 /* Sources */ = {
			isa = PBXSourcesBuildPhase;
			buildActionMask = 0;
			files = (
				OBJ_217 /* Package.swift in Sources */,
			);
			runOnlyForDeploymentPostprocessing = 0;
		};
		OBJ_222 /* Sources */ = {
			isa = PBXSourcesBuildPhase;
			buildActionMask = 0;
			files = (
				OBJ_223 /* API.swift in Sources */,
				OBJ_224 /* APIClient.swift in Sources */,
				OBJ_225 /* APIError.swift in Sources */,
				OBJ_226 /* APIRequest.swift in Sources */,
				OBJ_227 /* APIResponse.swift in Sources */,
				OBJ_228 /* APIResult.swift in Sources */,
				OBJ_229 /* APIService.swift in Sources */,
				OBJ_230 /* AnyCodable.swift in Sources */,
				OBJ_231 /* Authorization.swift in Sources */,
				OBJ_232 /* Coding.swift in Sources */,
				OBJ_233 /* MediaType.swift in Sources */,
				OBJ_234 /* ActionId.swift in Sources */,
				OBJ_235 /* AddSourceResponse.swift in Sources */,
				OBJ_236 /* Address.swift in Sources */,
				OBJ_237 /* ApplePayTokenRequest.swift in Sources */,
				OBJ_238 /* ApplePayTokenResponse.swift in Sources */,
				OBJ_239 /* Batch.swift in Sources */,
				OBJ_240 /* BillingDescriptor.swift in Sources */,
				OBJ_241 /* BillingDetails.swift in Sources */,
				OBJ_242 /* CaptureAcceptedResponse.swift in Sources */,
				OBJ_243 /* CaptureRequest.swift in Sources */,
				OBJ_244 /* Card.swift in Sources */,
				OBJ_245 /* CardTokenRequest.swift in Sources */,
				OBJ_246 /* CardTokenResponse.swift in Sources */,
				OBJ_247 /* CustomerPaymentPlan.swift in Sources */,
				OBJ_248 /* DataType.swift in Sources */,
				OBJ_249 /* ErrorType.swift in Sources */,
				OBJ_250 /* EventId.swift in Sources */,
				OBJ_251 /* EventLinks.swift in Sources */,
				OBJ_252 /* EventObject.swift in Sources */,
				OBJ_253 /* EventResult.swift in Sources */,
				OBJ_254 /* EventSummary.swift in Sources */,
				OBJ_255 /* EventTypesObject.swift in Sources */,
				OBJ_256 /* File.swift in Sources */,
				OBJ_257 /* FileUploadResponse.swift in Sources */,
				OBJ_258 /* GooglePayTokenRequest.swift in Sources */,
				OBJ_259 /* GooglePayTokenResponse.swift in Sources */,
				OBJ_260 /* IPAddress.swift in Sources */,
				OBJ_261 /* InvalidError.swift in Sources */,
				OBJ_262 /* Item.swift in Sources */,
				OBJ_263 /* Link.swift in Sources */,
				OBJ_264 /* Notification.swift in Sources */,
				OBJ_265 /* NotificationAttempt.swift in Sources */,
				OBJ_266 /* NotificationId.swift in Sources */,
				OBJ_267 /* NotificationSummary.swift in Sources */,
				OBJ_268 /* Payment.swift in Sources */,
				OBJ_269 /* PaymentAcceptedResponse.swift in Sources */,
				OBJ_270 /* PaymentAction.swift in Sources */,
				OBJ_271 /* PaymentActionsResponse.swift in Sources */,
				OBJ_272 /* PaymentDestination.swift in Sources */,
				OBJ_273 /* PaymentId.swift in Sources */,
				OBJ_274 /* PaymentRecipient.swift in Sources */,
				OBJ_275 /* PaymentRequest.swift in Sources */,
				OBJ_276 /* PaymentRequestCardSource.swift in Sources */,
				OBJ_277 /* PaymentRequestCustomerSource.swift in Sources */,
				OBJ_278 /* PaymentRequestIdSource.swift in Sources */,
				OBJ_279 /* PaymentRequestIdealSource.swift in Sources */,
				OBJ_280 /* PaymentRequestSource.swift in Sources */,
				OBJ_281 /* PaymentRequestTokenSource.swift in Sources */,
				OBJ_282 /* PaymentResponse.swift in Sources */,
				OBJ_283 /* PaymentResponseCardSource.swift in Sources */,
				OBJ_284 /* PaymentResponseCustomer.swift in Sources */,
				OBJ_285 /* PaymentResponseSource.swift in Sources */,
				OBJ_286 /* PaymentSource.swift in Sources */,
				OBJ_287 /* Phone.swift in Sources */,
				OBJ_288 /* PhoneNumber.swift in Sources */,
				OBJ_289 /* Product.swift in Sources */,
				OBJ_290 /* RefundAcceptedResponse.swift in Sources */,
				OBJ_291 /* RefundRequest.swift in Sources */,
				OBJ_292 /* ResourceId.swift in Sources */,
				OBJ_293 /* SelfLink.swift in Sources */,
				OBJ_294 /* SepaSource.swift in Sources */,
				OBJ_295 /* SepaSourceResponse.swift in Sources */,
				OBJ_296 /* ServerTimestamp.swift in Sources */,
				OBJ_297 /* ShippingDetails.swift in Sources */,
				OBJ_298 /* Source.swift in Sources */,
				OBJ_299 /* SourceRedirectResponse.swift in Sources */,
				OBJ_300 /* SourceRequest.swift in Sources */,
				OBJ_301 /* SourceResponseCustomer.swift in Sources */,
				OBJ_302 /* SubmitBatchRequest.swift in Sources */,
				OBJ_303 /* SubmitBatchResponse.swift in Sources */,
				OBJ_304 /* Timestamp.swift in Sources */,
				OBJ_305 /* TokenRequest.swift in Sources */,
				OBJ_306 /* TokenResponse.swift in Sources */,
				OBJ_307 /* ValidationError.swift in Sources */,
				OBJ_308 /* VoidAcceptedResponse.swift in Sources */,
				OBJ_309 /* VoidRequest.swift in Sources */,
				OBJ_310 /* VoidResponse.swift in Sources */,
				OBJ_311 /* Webhook.swift in Sources */,
				OBJ_312 /* WebhookEvents.swift in Sources */,
				OBJ_313 /* WebhookRequest.swift in Sources */,
				OBJ_314 /* _3dsData.swift in Sources */,
				OBJ_315 /* _3dsEnrollmentData.swift in Sources */,
				OBJ_316 /* RequestBehaviour.swift in Sources */,
				OBJ_317 /* GetBatchesById.swift in Sources */,
				OBJ_318 /* PostBatches.swift in Sources */,
				OBJ_319 /* GetEventTypes.swift in Sources */,
				OBJ_320 /* GetEvents.swift in Sources */,
				OBJ_321 /* GetEventsByEventId.swift in Sources */,
				OBJ_322 /* GetEventsByEventIdNotificationsByNotificationId.swift in Sources */,
				OBJ_323 /* PostEventsByEventIdWebhooksByWebhookIdRetry.swift in Sources */,
				OBJ_324 /* PostEventsByEventIdWebhooksRetry.swift in Sources */,
				OBJ_325 /* GetFilesById.swift in Sources */,
				OBJ_326 /* PostFiles.swift in Sources */,
				OBJ_327 /* GetPaymentsById.swift in Sources */,
				OBJ_328 /* GetPaymentsByIdActions.swift in Sources */,
				OBJ_329 /* PostPayments.swift in Sources */,
				OBJ_330 /* PostPaymentsByIdCaptures.swift in Sources */,
				OBJ_331 /* PostPaymentsByIdRefunds.swift in Sources */,
				OBJ_332 /* PostPaymentsByIdVoids.swift in Sources */,
				OBJ_333 /* GetSourcesById.swift in Sources */,
				OBJ_334 /* PostSources.swift in Sources */,
				OBJ_335 /* PostTokens.swift in Sources */,
				OBJ_336 /* DeleteWebhooksById.swift in Sources */,
				OBJ_337 /* GetWebhooks.swift in Sources */,
				OBJ_338 /* GetWebhooksById.swift in Sources */,
				OBJ_339 /* PatchWebhooksById.swift in Sources */,
				OBJ_340 /* PostWebhooks.swift in Sources */,
				OBJ_341 /* PutWebhooksById.swift in Sources */,
			);
			runOnlyForDeploymentPostprocessing = 0;
		};
		OBJ_351 /* Sources */ = {
			isa = PBXSourcesBuildPhase;
			buildActionMask = 0;
			files = (
				OBJ_352 /* Package.swift in Sources */,
			);
			runOnlyForDeploymentPostprocessing = 0;
		};
		OBJ_362 /* Sources */ = {
			isa = PBXSourcesBuildPhase;
			buildActionMask = 0;
			files = (
				OBJ_363 /* XCTestManifests.swift in Sources */,
				OBJ_364 /* just_some_testTests.swift in Sources */,
			);
			runOnlyForDeploymentPostprocessing = 0;
		};
/* End PBXSourcesBuildPhase section */

/* Begin PBXTargetDependency section */
		OBJ_345 /* PBXTargetDependency */ = {
			isa = PBXTargetDependency;
			target = "Result::Result" /* Result */;
			targetProxy = E68232FC20DBF30A00F52CF9 /* PBXContainerItemProxy */;
		};
		OBJ_346 /* PBXTargetDependency */ = {
			isa = PBXTargetDependency;
			target = "Alamofire::Alamofire" /* Alamofire */;
			targetProxy = E68232FD20DBF30A00F52CF9 /* PBXContainerItemProxy */;
		};
		OBJ_357 /* PBXTargetDependency */ = {
			isa = PBXTargetDependency;
			target = "just-some-test::just-some-testTests" /* just-some-testTests */;
			targetProxy = E682330120DBF30B00F52CF9 /* PBXContainerItemProxy */;
		};
		OBJ_369 /* PBXTargetDependency */ = {
			isa = PBXTargetDependency;
			target = "just-some-test::just-some-test" /* just-some-test */;
			targetProxy = E68232FE20DBF30A00F52CF9 /* PBXContainerItemProxy */;
		};
		OBJ_370 /* PBXTargetDependency */ = {
			isa = PBXTargetDependency;
			target = "Result::Result" /* Result */;
			targetProxy = E68232FF20DBF30A00F52CF9 /* PBXContainerItemProxy */;
		};
		OBJ_371 /* PBXTargetDependency */ = {
			isa = PBXTargetDependency;
			target = "Alamofire::Alamofire" /* Alamofire */;
			targetProxy = E682330020DBF30A00F52CF9 /* PBXContainerItemProxy */;
		};
/* End PBXTargetDependency section */

/* Begin XCBuildConfiguration section */
		OBJ_175 /* Debug */ = {
			isa = XCBuildConfiguration;
			buildSettings = {
				ENABLE_TESTABILITY = YES;
				FRAMEWORK_SEARCH_PATHS = (
					"$(inherited)",
					"$(PLATFORM_DIR)/Developer/Library/Frameworks",
				);
				HEADER_SEARCH_PATHS = "$(inherited)";
				INFOPLIST_FILE = "just-some-test.xcodeproj/Alamofire_Info.plist";
				LD_RUNPATH_SEARCH_PATHS = "$(inherited) $(TOOLCHAIN_DIR)/usr/lib/swift/macosx";
				OTHER_CFLAGS = "$(inherited)";
				OTHER_LDFLAGS = "$(inherited)";
				OTHER_SWIFT_FLAGS = "$(inherited)";
				PRODUCT_BUNDLE_IDENTIFIER = Alamofire;
				PRODUCT_MODULE_NAME = "$(TARGET_NAME:c99extidentifier)";
				PRODUCT_NAME = "$(TARGET_NAME:c99extidentifier)";
				SKIP_INSTALL = YES;
				SWIFT_SWIFT3_OBJC_INFERENCE = On;
				SWIFT_VERSION = 4.0;
				TARGET_NAME = Alamofire;
			};
			name = Debug;
		};
		OBJ_176 /* Release */ = {
			isa = XCBuildConfiguration;
			buildSettings = {
				ENABLE_TESTABILITY = YES;
				FRAMEWORK_SEARCH_PATHS = (
					"$(inherited)",
					"$(PLATFORM_DIR)/Developer/Library/Frameworks",
				);
				HEADER_SEARCH_PATHS = "$(inherited)";
				INFOPLIST_FILE = "just-some-test.xcodeproj/Alamofire_Info.plist";
				LD_RUNPATH_SEARCH_PATHS = "$(inherited) $(TOOLCHAIN_DIR)/usr/lib/swift/macosx";
				OTHER_CFLAGS = "$(inherited)";
				OTHER_LDFLAGS = "$(inherited)";
				OTHER_SWIFT_FLAGS = "$(inherited)";
				PRODUCT_BUNDLE_IDENTIFIER = Alamofire;
				PRODUCT_MODULE_NAME = "$(TARGET_NAME:c99extidentifier)";
				PRODUCT_NAME = "$(TARGET_NAME:c99extidentifier)";
				SKIP_INSTALL = YES;
				SWIFT_SWIFT3_OBJC_INFERENCE = On;
				SWIFT_VERSION = 4.0;
				TARGET_NAME = Alamofire;
			};
			name = Release;
		};
		OBJ_198 /* Debug */ = {
			isa = XCBuildConfiguration;
			buildSettings = {
				LD = /usr/bin/true;
				OTHER_SWIFT_FLAGS = "-swift-version 3 -I $(TOOLCHAIN_DIR)/usr/lib/swift/pm/3 -target x86_64-apple-macosx10.10 -sdk /Applications/Xcode.app/Contents/Developer/Platforms/MacOSX.platform/Developer/SDKs/MacOSX10.13.sdk";
				SWIFT_VERSION = 3.0;
			};
			name = Debug;
		};
		OBJ_199 /* Release */ = {
			isa = XCBuildConfiguration;
			buildSettings = {
				LD = /usr/bin/true;
				OTHER_SWIFT_FLAGS = "-swift-version 3 -I $(TOOLCHAIN_DIR)/usr/lib/swift/pm/3 -target x86_64-apple-macosx10.10 -sdk /Applications/Xcode.app/Contents/Developer/Platforms/MacOSX.platform/Developer/SDKs/MacOSX10.13.sdk";
				SWIFT_VERSION = 3.0;
			};
			name = Release;
		};
		OBJ_204 /* Debug */ = {
			isa = XCBuildConfiguration;
			buildSettings = {
				ENABLE_TESTABILITY = YES;
				FRAMEWORK_SEARCH_PATHS = (
					"$(inherited)",
					"$(PLATFORM_DIR)/Developer/Library/Frameworks",
				);
				HEADER_SEARCH_PATHS = "$(inherited)";
				INFOPLIST_FILE = "just-some-test.xcodeproj/Result_Info.plist";
				LD_RUNPATH_SEARCH_PATHS = "$(inherited) $(TOOLCHAIN_DIR)/usr/lib/swift/macosx";
				OTHER_CFLAGS = "$(inherited)";
				OTHER_LDFLAGS = "$(inherited)";
				OTHER_SWIFT_FLAGS = "$(inherited)";
				PRODUCT_BUNDLE_IDENTIFIER = Result;
				PRODUCT_MODULE_NAME = "$(TARGET_NAME:c99extidentifier)";
				PRODUCT_NAME = "$(TARGET_NAME:c99extidentifier)";
				SKIP_INSTALL = YES;
				SWIFT_VERSION = 4.0;
				TARGET_NAME = Result;
			};
			name = Debug;
		};
		OBJ_205 /* Release */ = {
			isa = XCBuildConfiguration;
			buildSettings = {
				ENABLE_TESTABILITY = YES;
				FRAMEWORK_SEARCH_PATHS = (
					"$(inherited)",
					"$(PLATFORM_DIR)/Developer/Library/Frameworks",
				);
				HEADER_SEARCH_PATHS = "$(inherited)";
				INFOPLIST_FILE = "just-some-test.xcodeproj/Result_Info.plist";
				LD_RUNPATH_SEARCH_PATHS = "$(inherited) $(TOOLCHAIN_DIR)/usr/lib/swift/macosx";
				OTHER_CFLAGS = "$(inherited)";
				OTHER_LDFLAGS = "$(inherited)";
				OTHER_SWIFT_FLAGS = "$(inherited)";
				PRODUCT_BUNDLE_IDENTIFIER = Result;
				PRODUCT_MODULE_NAME = "$(TARGET_NAME:c99extidentifier)";
				PRODUCT_NAME = "$(TARGET_NAME:c99extidentifier)";
				SKIP_INSTALL = YES;
				SWIFT_VERSION = 4.0;
				TARGET_NAME = Result;
			};
			name = Release;
		};
		OBJ_214 /* Debug */ = {
			isa = XCBuildConfiguration;
			buildSettings = {
				LD = /usr/bin/true;
				OTHER_SWIFT_FLAGS = "-swift-version 4 -I $(TOOLCHAIN_DIR)/usr/lib/swift/pm/4 -target x86_64-apple-macosx10.10 -sdk /Applications/Xcode.app/Contents/Developer/Platforms/MacOSX.platform/Developer/SDKs/MacOSX10.13.sdk";
				SWIFT_VERSION = 4.0;
			};
			name = Debug;
		};
		OBJ_215 /* Release */ = {
			isa = XCBuildConfiguration;
			buildSettings = {
				LD = /usr/bin/true;
				OTHER_SWIFT_FLAGS = "-swift-version 4 -I $(TOOLCHAIN_DIR)/usr/lib/swift/pm/4 -target x86_64-apple-macosx10.10 -sdk /Applications/Xcode.app/Contents/Developer/Platforms/MacOSX.platform/Developer/SDKs/MacOSX10.13.sdk";
				SWIFT_VERSION = 4.0;
			};
			name = Release;
		};
		OBJ_220 /* Debug */ = {
			isa = XCBuildConfiguration;
			buildSettings = {
				ENABLE_TESTABILITY = YES;
				FRAMEWORK_SEARCH_PATHS = (
					"$(inherited)",
					"$(PLATFORM_DIR)/Developer/Library/Frameworks",
				);
				HEADER_SEARCH_PATHS = "$(inherited)";
				INFOPLIST_FILE = "just-some-test.xcodeproj/just_some_test_Info.plist";
				LD_RUNPATH_SEARCH_PATHS = "$(inherited) $(TOOLCHAIN_DIR)/usr/lib/swift/macosx";
				OTHER_CFLAGS = "$(inherited)";
				OTHER_LDFLAGS = "$(inherited)";
				OTHER_SWIFT_FLAGS = "$(inherited)";
				PRODUCT_BUNDLE_IDENTIFIER = "just-some-test";
				PRODUCT_MODULE_NAME = "$(TARGET_NAME:c99extidentifier)";
				PRODUCT_NAME = "$(TARGET_NAME:c99extidentifier)";
				SKIP_INSTALL = YES;
				SWIFT_VERSION = 4.0;
				TARGET_NAME = "just-some-test";
			};
			name = Debug;
		};
		OBJ_221 /* Release */ = {
			isa = XCBuildConfiguration;
			buildSettings = {
				ENABLE_TESTABILITY = YES;
				FRAMEWORK_SEARCH_PATHS = (
					"$(inherited)",
					"$(PLATFORM_DIR)/Developer/Library/Frameworks",
				);
				HEADER_SEARCH_PATHS = "$(inherited)";
				INFOPLIST_FILE = "just-some-test.xcodeproj/just_some_test_Info.plist";
				LD_RUNPATH_SEARCH_PATHS = "$(inherited) $(TOOLCHAIN_DIR)/usr/lib/swift/macosx";
				OTHER_CFLAGS = "$(inherited)";
				OTHER_LDFLAGS = "$(inherited)";
				OTHER_SWIFT_FLAGS = "$(inherited)";
				PRODUCT_BUNDLE_IDENTIFIER = "just-some-test";
				PRODUCT_MODULE_NAME = "$(TARGET_NAME:c99extidentifier)";
				PRODUCT_NAME = "$(TARGET_NAME:c99extidentifier)";
				SKIP_INSTALL = YES;
				SWIFT_VERSION = 4.0;
				TARGET_NAME = "just-some-test";
			};
			name = Release;
		};
		OBJ_3 /* Debug */ = {
			isa = XCBuildConfiguration;
			buildSettings = {
				CLANG_ENABLE_OBJC_ARC = YES;
				COMBINE_HIDPI_IMAGES = YES;
				COPY_PHASE_STRIP = NO;
				DEBUG_INFORMATION_FORMAT = dwarf;
				DYLIB_INSTALL_NAME_BASE = "@rpath";
				ENABLE_NS_ASSERTIONS = YES;
				GCC_OPTIMIZATION_LEVEL = 0;
				MACOSX_DEPLOYMENT_TARGET = 10.10;
				ONLY_ACTIVE_ARCH = YES;
				OTHER_SWIFT_FLAGS = "-DXcode";
				PRODUCT_NAME = "$(TARGET_NAME)";
				SDKROOT = macosx;
				SUPPORTED_PLATFORMS = "macosx iphoneos iphonesimulator appletvos appletvsimulator watchos watchsimulator";
				SWIFT_ACTIVE_COMPILATION_CONDITIONS = SWIFT_PACKAGE;
				SWIFT_OPTIMIZATION_LEVEL = "-Onone";
				USE_HEADERMAP = NO;
			};
			name = Debug;
		};
		OBJ_349 /* Debug */ = {
			isa = XCBuildConfiguration;
			buildSettings = {
				LD = /usr/bin/true;
				OTHER_SWIFT_FLAGS = "-swift-version 4 -I $(TOOLCHAIN_DIR)/usr/lib/swift/pm/4 -target x86_64-apple-macosx10.10 -sdk /Applications/Xcode.app/Contents/Developer/Platforms/MacOSX.platform/Developer/SDKs/MacOSX10.13.sdk";
				SWIFT_VERSION = 4.0;
			};
			name = Debug;
		};
		OBJ_350 /* Release */ = {
			isa = XCBuildConfiguration;
			buildSettings = {
				LD = /usr/bin/true;
				OTHER_SWIFT_FLAGS = "-swift-version 4 -I $(TOOLCHAIN_DIR)/usr/lib/swift/pm/4 -target x86_64-apple-macosx10.10 -sdk /Applications/Xcode.app/Contents/Developer/Platforms/MacOSX.platform/Developer/SDKs/MacOSX10.13.sdk";
				SWIFT_VERSION = 4.0;
			};
			name = Release;
		};
		OBJ_355 /* Debug */ = {
			isa = XCBuildConfiguration;
			buildSettings = {
			};
			name = Debug;
		};
		OBJ_356 /* Release */ = {
			isa = XCBuildConfiguration;
			buildSettings = {
			};
			name = Release;
		};
		OBJ_360 /* Debug */ = {
			isa = XCBuildConfiguration;
			buildSettings = {
				EMBEDDED_CONTENT_CONTAINS_SWIFT = YES;
				FRAMEWORK_SEARCH_PATHS = (
					"$(inherited)",
					"$(PLATFORM_DIR)/Developer/Library/Frameworks",
				);
				HEADER_SEARCH_PATHS = "$(inherited)";
				INFOPLIST_FILE = "just-some-test.xcodeproj/just_some_testTests_Info.plist";
				LD_RUNPATH_SEARCH_PATHS = "$(inherited) @loader_path/../Frameworks @loader_path/Frameworks";
				OTHER_CFLAGS = "$(inherited)";
				OTHER_LDFLAGS = "$(inherited)";
				OTHER_SWIFT_FLAGS = "$(inherited)";
				SWIFT_VERSION = 4.0;
				TARGET_NAME = "just-some-testTests";
			};
			name = Debug;
		};
		OBJ_361 /* Release */ = {
			isa = XCBuildConfiguration;
			buildSettings = {
				EMBEDDED_CONTENT_CONTAINS_SWIFT = YES;
				FRAMEWORK_SEARCH_PATHS = (
					"$(inherited)",
					"$(PLATFORM_DIR)/Developer/Library/Frameworks",
				);
				HEADER_SEARCH_PATHS = "$(inherited)";
				INFOPLIST_FILE = "just-some-test.xcodeproj/just_some_testTests_Info.plist";
				LD_RUNPATH_SEARCH_PATHS = "$(inherited) @loader_path/../Frameworks @loader_path/Frameworks";
				OTHER_CFLAGS = "$(inherited)";
				OTHER_LDFLAGS = "$(inherited)";
				OTHER_SWIFT_FLAGS = "$(inherited)";
				SWIFT_VERSION = 4.0;
				TARGET_NAME = "just-some-testTests";
			};
			name = Release;
		};
		OBJ_4 /* Release */ = {
			isa = XCBuildConfiguration;
			buildSettings = {
				CLANG_ENABLE_OBJC_ARC = YES;
				COMBINE_HIDPI_IMAGES = YES;
				COPY_PHASE_STRIP = YES;
				DEBUG_INFORMATION_FORMAT = "dwarf-with-dsym";
				DYLIB_INSTALL_NAME_BASE = "@rpath";
				GCC_OPTIMIZATION_LEVEL = s;
				MACOSX_DEPLOYMENT_TARGET = 10.10;
				OTHER_SWIFT_FLAGS = "-DXcode";
				PRODUCT_NAME = "$(TARGET_NAME)";
				SDKROOT = macosx;
				SUPPORTED_PLATFORMS = "macosx iphoneos iphonesimulator appletvos appletvsimulator watchos watchsimulator";
				SWIFT_ACTIVE_COMPILATION_CONDITIONS = SWIFT_PACKAGE;
				SWIFT_OPTIMIZATION_LEVEL = "-Owholemodule";
				USE_HEADERMAP = NO;
			};
			name = Release;
		};
/* End XCBuildConfiguration section */

/* Begin XCConfigurationList section */
		OBJ_174 /* Build configuration list for PBXNativeTarget "Alamofire" */ = {
			isa = XCConfigurationList;
			buildConfigurations = (
				OBJ_175 /* Debug */,
				OBJ_176 /* Release */,
			);
			defaultConfigurationIsVisible = 0;
			defaultConfigurationName = Release;
		};
		OBJ_197 /* Build configuration list for PBXNativeTarget "AlamofirePackageDescription" */ = {
			isa = XCConfigurationList;
			buildConfigurations = (
				OBJ_198 /* Debug */,
				OBJ_199 /* Release */,
			);
			defaultConfigurationIsVisible = 0;
			defaultConfigurationName = Release;
		};
		OBJ_2 /* Build configuration list for PBXProject "just-some-test" */ = {
			isa = XCConfigurationList;
			buildConfigurations = (
				OBJ_3 /* Debug */,
				OBJ_4 /* Release */,
			);
			defaultConfigurationIsVisible = 0;
			defaultConfigurationName = Release;
		};
		OBJ_203 /* Build configuration list for PBXNativeTarget "Result" */ = {
			isa = XCConfigurationList;
			buildConfigurations = (
				OBJ_204 /* Debug */,
				OBJ_205 /* Release */,
			);
			defaultConfigurationIsVisible = 0;
			defaultConfigurationName = Release;
		};
		OBJ_213 /* Build configuration list for PBXNativeTarget "ResultPackageDescription" */ = {
			isa = XCConfigurationList;
			buildConfigurations = (
				OBJ_214 /* Debug */,
				OBJ_215 /* Release */,
			);
			defaultConfigurationIsVisible = 0;
			defaultConfigurationName = Release;
		};
		OBJ_219 /* Build configuration list for PBXNativeTarget "just-some-test" */ = {
			isa = XCConfigurationList;
			buildConfigurations = (
				OBJ_220 /* Debug */,
				OBJ_221 /* Release */,
			);
			defaultConfigurationIsVisible = 0;
			defaultConfigurationName = Release;
		};
		OBJ_348 /* Build configuration list for PBXNativeTarget "just-some-testPackageDescription" */ = {
			isa = XCConfigurationList;
			buildConfigurations = (
				OBJ_349 /* Debug */,
				OBJ_350 /* Release */,
			);
			defaultConfigurationIsVisible = 0;
			defaultConfigurationName = Release;
		};
		OBJ_354 /* Build configuration list for PBXAggregateTarget "just-some-testPackageTests" */ = {
			isa = XCConfigurationList;
			buildConfigurations = (
				OBJ_355 /* Debug */,
				OBJ_356 /* Release */,
			);
			defaultConfigurationIsVisible = 0;
			defaultConfigurationName = Release;
		};
		OBJ_359 /* Build configuration list for PBXNativeTarget "just-some-testTests" */ = {
			isa = XCConfigurationList;
			buildConfigurations = (
				OBJ_360 /* Debug */,
				OBJ_361 /* Release */,
			);
			defaultConfigurationIsVisible = 0;
			defaultConfigurationName = Release;
		};
/* End XCConfigurationList section */
	};
	rootObject = OBJ_1 /* Project object */;
}
